
Microsoft Visual Studio Solution File, Format Version 12.00
# Visual Studio 14
VisualStudioVersion = 14.0.25420.1
MinimumVisualStudioVersion = 10.0.40219.1
Project("{8BC9CEB8-8B4A-11D0-8D11-00A0C91BC942}") = "libmygui", "libmygui\libmygui.vcxproj", "{63687E47-3D89-4AE4-9105-350C030002DE}"
EndProject
Project("{8BC9CEB8-8B4A-11D0-8D11-00A0C91BC942}") = "libfreetype", "libfreetype\libfreetype.vcxproj", "{40019CFF-D32E-4BCF-9831-17F1F15690C5}"
EndProject
Project("{8BC9CEB8-8B4A-11D0-8D11-00A0C91BC942}") = "libzlib", "libzlib\libzlib.vcxproj", "{3EDA72B4-0BF1-4D04-ADE4-B6ED77CDB985}"
EndProject
Project("{8BC9CEB8-8B4A-11D0-8D11-00A0C91BC942}") = "libzzip", "libzzip\libzzip.vcxproj", "{3945184C-A503-4E4F-90DE-253059D999BB}"
EndProject
Project("{8BC9CEB8-8B4A-11D0-8D11-00A0C91BC942}") = "OgreMain", "OgreMain\OgreMain.vcxproj", "{66699801-139E-4874-A40F-82DF52A25CBF}"
	ProjectSection(ProjectDependencies) = postProject
		{7ED438CB-AD25-4E2F-AB18-7D2EA0B9BFA7} = {7ED438CB-AD25-4E2F-AB18-7D2EA0B9BFA7}
	EndProjectSection
EndProject
Project("{8BC9CEB8-8B4A-11D0-8D11-00A0C91BC942}") = "Plugin_BSPSceneManager", "Plugin_BSPSceneManager\Plugin_BSPSceneManager.vcxproj", "{0760CF9A-A355-4C30-8CD0-608E08A01C3B}"
	ProjectSection(ProjectDependencies) = postProject
		{66699801-139E-4874-A40F-82DF52A25CBF} = {66699801-139E-4874-A40F-82DF52A25CBF}
	EndProjectSection
EndProject
Project("{8BC9CEB8-8B4A-11D0-8D11-00A0C91BC942}") = "Plugin_DotScene", "Plugin_DotScene\Plugin_DotScene.vcxproj", "{D80F03B5-D770-4AD4-9BEF-EAA2483DACD9}"
	ProjectSection(ProjectDependencies) = postProject
		{66699801-139E-4874-A40F-82DF52A25CBF} = {66699801-139E-4874-A40F-82DF52A25CBF}
		{01A13408-DADF-45C7-83ED-76EAE9AC0B23} = {01A13408-DADF-45C7-83ED-76EAE9AC0B23}
		{F7250480-8ABD-48E4-A4F3-BF6222A89FA1} = {F7250480-8ABD-48E4-A4F3-BF6222A89FA1}
	EndProjectSection
EndProject
Project("{8BC9CEB8-8B4A-11D0-8D11-00A0C91BC942}") = "OgreRTShaderSystem", "OgreRTShaderSystem\OgreRTShaderSystem.vcxproj", "{FEEEB024-7F3D-447D-8F4E-1F762C691566}"
	ProjectSection(ProjectDependencies) = postProject
		{66699801-139E-4874-A40F-82DF52A25CBF} = {66699801-139E-4874-A40F-82DF52A25CBF}
	EndProjectSection
EndProject
Project("{8BC9CEB8-8B4A-11D0-8D11-00A0C91BC942}") = "OgrePaging", "OgrePaging\OgrePaging.vcxproj", "{C3E09B96-8A63-41C2-AAD3-94DD73804BB1}"
	ProjectSection(ProjectDependencies) = postProject
		{66699801-139E-4874-A40F-82DF52A25CBF} = {66699801-139E-4874-A40F-82DF52A25CBF}
	EndProjectSection
EndProject
Project("{8BC9CEB8-8B4A-11D0-8D11-00A0C91BC942}") = "OgreTerrain", "OgreTerrain\OgreTerrain.vcxproj", "{F7250480-8ABD-48E4-A4F3-BF6222A89FA1}"
	ProjectSection(ProjectDependencies) = postProject
		{66699801-139E-4874-A40F-82DF52A25CBF} = {66699801-139E-4874-A40F-82DF52A25CBF}
		{FEEEB024-7F3D-447D-8F4E-1F762C691566} = {FEEEB024-7F3D-447D-8F4E-1F762C691566}
		{C3E09B96-8A63-41C2-AAD3-94DD73804BB1} = {C3E09B96-8A63-41C2-AAD3-94DD73804BB1}
	EndProjectSection
EndProject
Project("{8BC9CEB8-8B4A-11D0-8D11-00A0C91BC942}") = "libpugixml", "libpugixml\libpugixml.vcxproj", "{01A13408-DADF-45C7-83ED-76EAE9AC0B23}"
EndProject
Project("{8BC9CEB8-8B4A-11D0-8D11-00A0C91BC942}") = "Plugin_OctreeSceneManager", "Plugin_OctreeSceneManager\Plugin_OctreeSceneManager.vcxproj", "{AD3D970E-2103-4669-A746-140500DC08CB}"
	ProjectSection(ProjectDependencies) = postProject
		{66699801-139E-4874-A40F-82DF52A25CBF} = {66699801-139E-4874-A40F-82DF52A25CBF}
	EndProjectSection
EndProject
Project("{8BC9CEB8-8B4A-11D0-8D11-00A0C91BC942}") = "Plugin_OctreeZone", "Plugin_OctreeZone\Plugin_OctreeZone.vcxproj", "{6213DB0E-A10E-45A3-AA7E-78FF123A71E7}"
	ProjectSection(ProjectDependencies) = postProject
		{9216BAB0-A6B9-4ECB-98B1-B70A96803A54} = {9216BAB0-A6B9-4ECB-98B1-B70A96803A54}
	EndProjectSection
EndProject
Project("{8BC9CEB8-8B4A-11D0-8D11-00A0C91BC942}") = "Plugin_PCZSceneManager", "Plugin_PCZSceneManager\Plugin_PCZSceneManager.vcxproj", "{9216BAB0-A6B9-4ECB-98B1-B70A96803A54}"
	ProjectSection(ProjectDependencies) = postProject
		{66699801-139E-4874-A40F-82DF52A25CBF} = {66699801-139E-4874-A40F-82DF52A25CBF}
	EndProjectSection
EndProject
Project("{8BC9CEB8-8B4A-11D0-8D11-00A0C91BC942}") = "Plugin_ParticleFX", "Plugin_ParticleFX\Plugin_ParticleFX.vcxproj", "{CE022B65-A0AD-4EC9-8523-D68EDDED8877}"
	ProjectSection(ProjectDependencies) = postProject
		{66699801-139E-4874-A40F-82DF52A25CBF} = {66699801-139E-4874-A40F-82DF52A25CBF}
	EndProjectSection
EndProject
Project("{8BC9CEB8-8B4A-11D0-8D11-00A0C91BC942}") = "OgreGLSupport", "OgreGLSupport\OgreGLSupport.vcxproj", "{07566592-DEA1-4827-BF9F-2497C67C7473}"
EndProject
Project("{8BC9CEB8-8B4A-11D0-8D11-00A0C91BC942}") = "Plugin_CgProgramManager", "Plugin_CgProgramManager\Plugin_CgProgramManager.vcxproj", "{1B1F810D-B279-4A40-9392-877A7727AA33}"
	ProjectSection(ProjectDependencies) = postProject
		{66699801-139E-4874-A40F-82DF52A25CBF} = {66699801-139E-4874-A40F-82DF52A25CBF}
	EndProjectSection
EndProject
Project("{8BC9CEB8-8B4A-11D0-8D11-00A0C91BC942}") = "RenderSystem_GL", "RenderSystem_GL\RenderSystem_GL.vcxproj", "{980CCCC2-7A07-4280-81EA-B40A7C8388E7}"
	ProjectSection(ProjectDependencies) = postProject
		{66699801-139E-4874-A40F-82DF52A25CBF} = {66699801-139E-4874-A40F-82DF52A25CBF}
		{07566592-DEA1-4827-BF9F-2497C67C7473} = {07566592-DEA1-4827-BF9F-2497C67C7473}
	EndProjectSection
EndProject
Project("{8BC9CEB8-8B4A-11D0-8D11-00A0C91BC942}") = "RenderSystem_GL3Plus", "RenderSystem_GL3Plus\RenderSystem_GL3Plus.vcxproj", "{EE4923E9-F2D3-4B99-9754-BD809ABBACA1}"
	ProjectSection(ProjectDependencies) = postProject
		{66699801-139E-4874-A40F-82DF52A25CBF} = {66699801-139E-4874-A40F-82DF52A25CBF}
		{07566592-DEA1-4827-BF9F-2497C67C7473} = {07566592-DEA1-4827-BF9F-2497C67C7473}
	EndProjectSection
EndProject
Project("{8BC9CEB8-8B4A-11D0-8D11-00A0C91BC942}") = "RenderSystem_GLES2", "RenderSystem_GLES2\RenderSystem_GLES2.vcxproj", "{488531B6-8217-4B4E-AC63-77BB75656ABB}"
	ProjectSection(ProjectDependencies) = postProject
		{66699801-139E-4874-A40F-82DF52A25CBF} = {66699801-139E-4874-A40F-82DF52A25CBF}
		{07566592-DEA1-4827-BF9F-2497C67C7473} = {07566592-DEA1-4827-BF9F-2497C67C7473}
	EndProjectSection
EndProject
Project("{8BC9CEB8-8B4A-11D0-8D11-00A0C91BC942}") = "RenderSystem_Direct3D9", "RenderSystem_Direct3D9\RenderSystem_Direct3D9.vcxproj", "{D6315638-F1FA-4882-A3F8-05105A299A6A}"
	ProjectSection(ProjectDependencies) = postProject
		{66699801-139E-4874-A40F-82DF52A25CBF} = {66699801-139E-4874-A40F-82DF52A25CBF}
	EndProjectSection
EndProject
Project("{8BC9CEB8-8B4A-11D0-8D11-00A0C91BC942}") = "RenderSystem_Direct3D11", "RenderSystem_Direct3D11\RenderSystem_Direct3D11.vcxproj", "{902B75AD-CF7C-4BEB-B7C5-7446AF0C47EF}"
	ProjectSection(ProjectDependencies) = postProject
		{66699801-139E-4874-A40F-82DF52A25CBF} = {66699801-139E-4874-A40F-82DF52A25CBF}
	EndProjectSection
EndProject
Project("{8BC9CEB8-8B4A-11D0-8D11-00A0C91BC942}") = "OgreOverlay", "OgreOverlay\OgreOverlay.vcxproj", "{DF7CB3AD-5B4D-495E-9A48-BE951CB0DD7A}"
	ProjectSection(ProjectDependencies) = postProject
		{66699801-139E-4874-A40F-82DF52A25CBF} = {66699801-139E-4874-A40F-82DF52A25CBF}
		{40019CFF-D32E-4BCF-9831-17F1F15690C5} = {40019CFF-D32E-4BCF-9831-17F1F15690C5}
	EndProjectSection
EndProject
Project("{8BC9CEB8-8B4A-11D0-8D11-00A0C91BC942}") = "OgreProperty", "OgreProperty\OgreProperty.vcxproj", "{0838DE2E-924D-4FBC-AD43-099FD5EBBC71}"
EndProject
Project("{8BC9CEB8-8B4A-11D0-8D11-00A0C91BC942}") = "OgreVolume", "OgreVolume\OgreVolume.vcxproj", "{918A0C62-7C58-41AA-8EAA-527065EC0FD4}"
EndProject
Project("{8BC9CEB8-8B4A-11D0-8D11-00A0C91BC942}") = "OgreMeshLodGenerator", "OgreMeshLodGenerator\OgreMeshLodGenerator.vcxproj", "{4001A345-135B-4D1B-B0DC-30E5F957C29C}"
EndProject
Project("{8BC9CEB8-8B4A-11D0-8D11-00A0C91BC942}") = "OgreBites", "OgreBites\OgreBites.vcxproj", "{CE40156A-3BFE-4599-9B1D-CDE96835CCE5}"
	ProjectSection(ProjectDependencies) = postProject
		{66699801-139E-4874-A40F-82DF52A25CBF} = {66699801-139E-4874-A40F-82DF52A25CBF}
		{FEEEB024-7F3D-447D-8F4E-1F762C691566} = {FEEEB024-7F3D-447D-8F4E-1F762C691566}
		{DF7CB3AD-5B4D-495E-9A48-BE951CB0DD7A} = {DF7CB3AD-5B4D-495E-9A48-BE951CB0DD7A}
		{AC35D4B2-8AFD-4C45-AFF7-423BD2EF6107} = {AC35D4B2-8AFD-4C45-AFF7-423BD2EF6107}
	EndProjectSection
EndProject
Project("{8BC9CEB8-8B4A-11D0-8D11-00A0C91BC942}") = "SDL2", "SDL2\SDL2.vcxproj", "{AC35D4B2-8AFD-4C45-AFF7-423BD2EF6107}"
EndProject
Project("{8BC9CEB8-8B4A-11D0-8D11-00A0C91BC942}") = "OgreBullet", "OgreBullet\OgreBullet.vcxproj", "{658C28D0-F5AC-4287-A5E5-9792B1D2367E}"
	ProjectSection(ProjectDependencies) = postProject
		{66699801-139E-4874-A40F-82DF52A25CBF} = {66699801-139E-4874-A40F-82DF52A25CBF}
		{D89051CF-A9FA-4FDD-9957-C163AA695306} = {D89051CF-A9FA-4FDD-9957-C163AA695306}
	EndProjectSection
EndProject
Project("{8BC9CEB8-8B4A-11D0-8D11-00A0C91BC942}") = "libbullet", "libbullet\libbullet.vcxproj", "{D89051CF-A9FA-4FDD-9957-C163AA695306}"
EndProject
Project("{8BC9CEB8-8B4A-11D0-8D11-00A0C91BC942}") = "Codec_STBI", "Codec_STBI\Codec_STBI.vcxproj", "{87CE564F-8406-448A-B1FE-5A4F2C72E50D}"
	ProjectSection(ProjectDependencies) = postProject
		{66699801-139E-4874-A40F-82DF52A25CBF} = {66699801-139E-4874-A40F-82DF52A25CBF}
		{3EDA72B4-0BF1-4D04-ADE4-B6ED77CDB985} = {3EDA72B4-0BF1-4D04-ADE4-B6ED77CDB985}
	EndProjectSection
EndProject
Project("{8BC9CEB8-8B4A-11D0-8D11-00A0C91BC942}") = "SampleBrowser", "SampleBrowser\SampleBrowser.vcxproj", "{E0E90E02-BEBE-43D9-8195-6D7C30C0CC75}"
	ProjectSection(ProjectDependencies) = postProject
		{66699801-139E-4874-A40F-82DF52A25CBF} = {66699801-139E-4874-A40F-82DF52A25CBF}
		{FEEEB024-7F3D-447D-8F4E-1F762C691566} = {FEEEB024-7F3D-447D-8F4E-1F762C691566}
		{CE40156A-3BFE-4599-9B1D-CDE96835CCE5} = {CE40156A-3BFE-4599-9B1D-CDE96835CCE5}
		{DF7CB3AD-5B4D-495E-9A48-BE951CB0DD7A} = {DF7CB3AD-5B4D-495E-9A48-BE951CB0DD7A}
	EndProjectSection
EndProject
Project("{8BC9CEB8-8B4A-11D0-8D11-00A0C91BC942}") = "Codec_Assimp", "Codec_Assimp\Codec_Assimp.vcxproj", "{FC1C8D03-7A1E-4FD8-822B-F1ED453444BD}"
	ProjectSection(ProjectDependencies) = postProject
		{66699801-139E-4874-A40F-82DF52A25CBF} = {66699801-139E-4874-A40F-82DF52A25CBF}
		{FEEEB024-7F3D-447D-8F4E-1F762C691566} = {FEEEB024-7F3D-447D-8F4E-1F762C691566}
		{3EDA72B4-0BF1-4D04-ADE4-B6ED77CDB985} = {3EDA72B4-0BF1-4D04-ADE4-B6ED77CDB985}
		{5B6070E9-F688-4BA9-A26B-7B2997D67DFA} = {5B6070E9-F688-4BA9-A26B-7B2997D67DFA}
	EndProjectSection
EndProject
Project("{8BC9CEB8-8B4A-11D0-8D11-00A0C91BC942}") = "libassimp", "libassimp\libassimp.vcxproj", "{5B6070E9-F688-4BA9-A26B-7B2997D67DFA}"
EndProject
Project("{8BC9CEB8-8B4A-11D0-8D11-00A0C91BC942}") = "libzip", "libzip\libzip.vcxproj", "{7ED438CB-AD25-4E2F-AB18-7D2EA0B9BFA7}"
EndProject
Project("{8BC9CEB8-8B4A-11D0-8D11-00A0C91BC942}") = "DefaultSamples", "DefaultSamples\DefaultSamples.vcxproj", "{A0DDD626-CAC6-4B5F-B588-2976FF1CDDC5}"
	ProjectSection(ProjectDependencies) = postProject
		{66699801-139E-4874-A40F-82DF52A25CBF} = {66699801-139E-4874-A40F-82DF52A25CBF}
		{FEEEB024-7F3D-447D-8F4E-1F762C691566} = {FEEEB024-7F3D-447D-8F4E-1F762C691566}
		{4001A345-135B-4D1B-B0DC-30E5F957C29C} = {4001A345-135B-4D1B-B0DC-30E5F957C29C}
		{918A0C62-7C58-41AA-8EAA-527065EC0FD4} = {918A0C62-7C58-41AA-8EAA-527065EC0FD4}
		{CE40156A-3BFE-4599-9B1D-CDE96835CCE5} = {CE40156A-3BFE-4599-9B1D-CDE96835CCE5}
		{F7250480-8ABD-48E4-A4F3-BF6222A89FA1} = {F7250480-8ABD-48E4-A4F3-BF6222A89FA1}
		{C3E09B96-8A63-41C2-AAD3-94DD73804BB1} = {C3E09B96-8A63-41C2-AAD3-94DD73804BB1}
		{DF7CB3AD-5B4D-495E-9A48-BE951CB0DD7A} = {DF7CB3AD-5B4D-495E-9A48-BE951CB0DD7A}
		{9216BAB0-A6B9-4ECB-98B1-B70A96803A54} = {9216BAB0-A6B9-4ECB-98B1-B70A96803A54}
		{658C28D0-F5AC-4287-A5E5-9792B1D2367E} = {658C28D0-F5AC-4287-A5E5-9792B1D2367E}
	EndProjectSection
EndProject
Project("{2150E333-8FDC-42A3-9474-1A3956D46DE8}") = "stuntrally", "stuntrally", "{06D5C4E8-2BB7-48A1-9A38-E32F5E38472F}"
EndProject
Project("{8BC9CEB8-8B4A-11D0-8D11-00A0C91BC942}") = "btOgre", "btOgre\btOgre.vcxproj", "{904133CE-49D9-4CA6-9566-6F51DB385EE9}"
EndProject
Project("{8BC9CEB8-8B4A-11D0-8D11-00A0C91BC942}") = "shiny", "shiny\shiny.vcxproj", "{747B387F-FD44-4ED0-8F4B-75EC5AB27384}"
EndProject
Project("{8BC9CEB8-8B4A-11D0-8D11-00A0C91BC942}") = "libmyguiogreplatform", "libmyguiogreplatform\libmyguiogreplatform.vcxproj", "{AC8A18D1-110E-4EFF-B4BA-B9CC25EDF9D9}"
EndProject
Project("{8BC9CEB8-8B4A-11D0-8D11-00A0C91BC942}") = "tinyxml2", "tinyxml2\tinyxml2.vcxproj", "{F2A79F7F-6F51-404D-BB04-796D05693640}"
EndProject
Project("{8BC9CEB8-8B4A-11D0-8D11-00A0C91BC942}") = "tinyxml", "tinyxml\tinyxml.vcxproj", "{639C83DB-AD7F-4FEA-ACA7-06C89227019B}"
EndProject
Project("{8BC9CEB8-8B4A-11D0-8D11-00A0C91BC942}") = "libvorbisfile", "libvorbisfile\libvorbisfile.vcxproj", "{2EB153F6-1DBA-4CF8-8F9D-BE3DB30C7F26}"
EndProject
Project("{8BC9CEB8-8B4A-11D0-8D11-00A0C91BC942}") = "vorbisfile", "vorbisfile\vorbisfile.vcxproj", "{57F67AA8-84B2-4132-AE1F-72572FF561DA}"
EndProject
Project("{8BC9CEB8-8B4A-11D0-8D11-00A0C91BC942}") = "ogg", "ogg\ogg.vcxproj", "{3A835B71-24B8-4268-AD6F-74A4950BD45D}"
EndProject
Project("{8BC9CEB8-8B4A-11D0-8D11-00A0C91BC942}") = "libogg", "libogg\libogg.vcxproj", "{7812A865-7504-4BEE-9613-F4141B5E6313}"
EndProject
Project("{8BC9CEB8-8B4A-11D0-8D11-00A0C91BC942}") = "libvorbis", "libvorbis\libvorbis.vcxproj", "{683D1B47-138B-4575-9DEC-27A74F4B7615}"
EndProject
Project("{8BC9CEB8-8B4A-11D0-8D11-00A0C91BC942}") = "vorbis", "vorbis\vorbis.vcxproj", "{B5CF95CE-C3F6-4FF6-9652-472AABE2F739}"
EndProject
Project("{8BC9CEB8-8B4A-11D0-8D11-00A0C91BC942}") = "oics", "oics\oics.vcxproj", "{10569AFC-D729-4451-9D3C-BB9A38DD533D}"
EndProject
Project("{8BC9CEB8-8B4A-11D0-8D11-00A0C91BC942}") = "sdl4ogre", "sdl4ogre\sdl4ogre.vcxproj", "{A4FB29A6-A0A4-4722-AC8F-28580BF46146}"
EndProject
Project("{8BC9CEB8-8B4A-11D0-8D11-00A0C91BC942}") = "shinyOgrePlatform", "shinyOgrePlatform\shinyOgrePlatform.vcxproj", "{F0F0D077-B325-45D6-AF4F-DA8B6BE84F69}"
EndProject
Project("{8BC9CEB8-8B4A-11D0-8D11-00A0C91BC942}") = "pagedGeom", "pagedGeom\pagedGeom.vcxproj", "{624D92E3-0F7E-45F8-8AC5-906A79BB4FFC}"
EndProject
Project("{8BC9CEB8-8B4A-11D0-8D11-00A0C91BC942}") = "SR-Editor", "SR-Editor\SR-Editor.vcxproj", "{71000796-A096-4908-A29E-AA95F7E06C91}"
EndProject
Project("{8BC9CEB8-8B4A-11D0-8D11-00A0C91BC942}") = "libbulletfileloader", "libbulletfileloader\libbulletfileloader.vcxproj", "{491AD9EB-4C25-4FF7-BB5C-CB64FAF8EED9}"
EndProject
Project("{8BC9CEB8-8B4A-11D0-8D11-00A0C91BC942}") = "libbulletworldimporter", "libbulletworldimporter\libbulletworldimporter.vcxproj", "{AAFF182C-98EF-4040-B52A-B3F55D6626A2}"
EndProject
Project("{8BC9CEB8-8B4A-11D0-8D11-00A0C91BC942}") = "Codec_FreeImage", "Codec_FreeImage\Codec_FreeImage.vcxproj", "{DBF71ADF-4E61-4D77-81B8-F3F7B31B4BFB}"
EndProject
Project("{8BC9CEB8-8B4A-11D0-8D11-00A0C91BC942}") = "libfreeimage", "libfreeimage\libfreeimage.vcxproj", "{A44D4843-B5B2-454E-8A48-D7498CA6734E}"
EndProject
Project("{2150E333-8FDC-42A3-9474-1A3956D46DE8}") = "freeimage", "freeimage", "{09503561-07C7-4979-B4E7-44788AFB12A9}"
EndProject
Project("{8BC9CEB8-8B4A-11D0-8D11-00A0C91BC942}") = "StuntRally", "StuntRally\StuntRally.vcxproj", "{871C3DB8-39F4-46BD-9ADA-F224EC34D0A8}"
EndProject
Project("{8BC9CEB8-8B4A-11D0-8D11-00A0C91BC942}") = "openal", "openal\openal.vcxproj", "{2960C69F-C728-452D-A08F-42A7436567FE}"
EndProject
Project("{8BC9CEB8-8B4A-11D0-8D11-00A0C91BC942}") = "libopenal", "libopenal\libopenal.vcxproj", "{897C5FC6-9EF7-4EE9-BAF8-BDACA2827BC1}"
EndProject
Project("{8BC9CEB8-8B4A-11D0-8D11-00A0C91BC942}") = "libenet", "libenet\libenet.vcxproj", "{D2E30CAB-C392-417F-B0D4-F85D31DAD622}"
EndProject
Global
	GlobalSection(SolutionConfigurationPlatforms) = preSolution
		Debug|x64 = Debug|x64
		Debug|x86 = Debug|x86
		Release|x64 = Release|x64
		Release|x86 = Release|x86
	EndGlobalSection
	GlobalSection(ProjectConfigurationPlatforms) = postSolution
		{63687E47-3D89-4AE4-9105-350C030002DE}.Debug|x64.ActiveCfg = Debug|x64
		{63687E47-3D89-4AE4-9105-350C030002DE}.Debug|x64.Build.0 = Debug|x64
		{63687E47-3D89-4AE4-9105-350C030002DE}.Debug|x86.ActiveCfg = Debug|Win32
		{63687E47-3D89-4AE4-9105-350C030002DE}.Debug|x86.Build.0 = Debug|Win32
		{63687E47-3D89-4AE4-9105-350C030002DE}.Release|x64.ActiveCfg = Release|x64
		{63687E47-3D89-4AE4-9105-350C030002DE}.Release|x64.Build.0 = Release|x64
		{63687E47-3D89-4AE4-9105-350C030002DE}.Release|x86.ActiveCfg = Release|Win32
		{63687E47-3D89-4AE4-9105-350C030002DE}.Release|x86.Build.0 = Release|Win32
		{40019CFF-D32E-4BCF-9831-17F1F15690C5}.Debug|x64.ActiveCfg = Debug|x64
		{40019CFF-D32E-4BCF-9831-17F1F15690C5}.Debug|x64.Build.0 = Debug|x64
		{40019CFF-D32E-4BCF-9831-17F1F15690C5}.Debug|x86.ActiveCfg = Debug|Win32
		{40019CFF-D32E-4BCF-9831-17F1F15690C5}.Debug|x86.Build.0 = Debug|Win32
		{40019CFF-D32E-4BCF-9831-17F1F15690C5}.Release|x64.ActiveCfg = Release|x64
		{40019CFF-D32E-4BCF-9831-17F1F15690C5}.Release|x64.Build.0 = Release|x64
		{40019CFF-D32E-4BCF-9831-17F1F15690C5}.Release|x86.ActiveCfg = Release|Win32
		{40019CFF-D32E-4BCF-9831-17F1F15690C5}.Release|x86.Build.0 = Release|Win32
		{3EDA72B4-0BF1-4D04-ADE4-B6ED77CDB985}.Debug|x64.ActiveCfg = Debug|x64
		{3EDA72B4-0BF1-4D04-ADE4-B6ED77CDB985}.Debug|x64.Build.0 = Debug|x64
		{3EDA72B4-0BF1-4D04-ADE4-B6ED77CDB985}.Debug|x86.ActiveCfg = Debug|Win32
		{3EDA72B4-0BF1-4D04-ADE4-B6ED77CDB985}.Debug|x86.Build.0 = Debug|Win32
		{3EDA72B4-0BF1-4D04-ADE4-B6ED77CDB985}.Release|x64.ActiveCfg = Release|x64
		{3EDA72B4-0BF1-4D04-ADE4-B6ED77CDB985}.Release|x64.Build.0 = Release|x64
		{3EDA72B4-0BF1-4D04-ADE4-B6ED77CDB985}.Release|x86.ActiveCfg = Release|Win32
		{3EDA72B4-0BF1-4D04-ADE4-B6ED77CDB985}.Release|x86.Build.0 = Release|Win32
		{3945184C-A503-4E4F-90DE-253059D999BB}.Debug|x64.ActiveCfg = Debug|x64
		{3945184C-A503-4E4F-90DE-253059D999BB}.Debug|x64.Build.0 = Debug|x64
		{3945184C-A503-4E4F-90DE-253059D999BB}.Debug|x86.ActiveCfg = Debug|Win32
		{3945184C-A503-4E4F-90DE-253059D999BB}.Debug|x86.Build.0 = Debug|Win32
		{3945184C-A503-4E4F-90DE-253059D999BB}.Release|x64.ActiveCfg = Release|x64
		{3945184C-A503-4E4F-90DE-253059D999BB}.Release|x64.Build.0 = Release|x64
		{3945184C-A503-4E4F-90DE-253059D999BB}.Release|x86.ActiveCfg = Release|Win32
		{3945184C-A503-4E4F-90DE-253059D999BB}.Release|x86.Build.0 = Release|Win32
		{66699801-139E-4874-A40F-82DF52A25CBF}.Debug|x64.ActiveCfg = Debug|x64
		{66699801-139E-4874-A40F-82DF52A25CBF}.Debug|x64.Build.0 = Debug|x64
		{66699801-139E-4874-A40F-82DF52A25CBF}.Debug|x86.ActiveCfg = Debug|Win32
		{66699801-139E-4874-A40F-82DF52A25CBF}.Debug|x86.Build.0 = Debug|Win32
		{66699801-139E-4874-A40F-82DF52A25CBF}.Release|x64.ActiveCfg = Release|x64
		{66699801-139E-4874-A40F-82DF52A25CBF}.Release|x64.Build.0 = Release|x64
		{66699801-139E-4874-A40F-82DF52A25CBF}.Release|x86.ActiveCfg = Release|Win32
		{66699801-139E-4874-A40F-82DF52A25CBF}.Release|x86.Build.0 = Release|Win32
		{0760CF9A-A355-4C30-8CD0-608E08A01C3B}.Debug|x64.ActiveCfg = Debug|x64
		{0760CF9A-A355-4C30-8CD0-608E08A01C3B}.Debug|x64.Build.0 = Debug|x64
		{0760CF9A-A355-4C30-8CD0-608E08A01C3B}.Debug|x86.ActiveCfg = Debug|Win32
		{0760CF9A-A355-4C30-8CD0-608E08A01C3B}.Debug|x86.Build.0 = Debug|Win32
		{0760CF9A-A355-4C30-8CD0-608E08A01C3B}.Release|x64.ActiveCfg = Release|x64
		{0760CF9A-A355-4C30-8CD0-608E08A01C3B}.Release|x64.Build.0 = Release|x64
		{0760CF9A-A355-4C30-8CD0-608E08A01C3B}.Release|x86.ActiveCfg = Release|Win32
		{0760CF9A-A355-4C30-8CD0-608E08A01C3B}.Release|x86.Build.0 = Release|Win32
		{D80F03B5-D770-4AD4-9BEF-EAA2483DACD9}.Debug|x64.ActiveCfg = Debug|x64
		{D80F03B5-D770-4AD4-9BEF-EAA2483DACD9}.Debug|x64.Build.0 = Debug|x64
		{D80F03B5-D770-4AD4-9BEF-EAA2483DACD9}.Debug|x86.ActiveCfg = Debug|Win32
		{D80F03B5-D770-4AD4-9BEF-EAA2483DACD9}.Debug|x86.Build.0 = Debug|Win32
		{D80F03B5-D770-4AD4-9BEF-EAA2483DACD9}.Release|x64.ActiveCfg = Release|x64
		{D80F03B5-D770-4AD4-9BEF-EAA2483DACD9}.Release|x64.Build.0 = Release|x64
		{D80F03B5-D770-4AD4-9BEF-EAA2483DACD9}.Release|x86.ActiveCfg = Release|Win32
		{D80F03B5-D770-4AD4-9BEF-EAA2483DACD9}.Release|x86.Build.0 = Release|Win32
		{FEEEB024-7F3D-447D-8F4E-1F762C691566}.Debug|x64.ActiveCfg = Debug|x64
		{FEEEB024-7F3D-447D-8F4E-1F762C691566}.Debug|x64.Build.0 = Debug|x64
		{FEEEB024-7F3D-447D-8F4E-1F762C691566}.Debug|x86.ActiveCfg = Debug|Win32
		{FEEEB024-7F3D-447D-8F4E-1F762C691566}.Debug|x86.Build.0 = Debug|Win32
		{FEEEB024-7F3D-447D-8F4E-1F762C691566}.Release|x64.ActiveCfg = Release|x64
		{FEEEB024-7F3D-447D-8F4E-1F762C691566}.Release|x64.Build.0 = Release|x64
		{FEEEB024-7F3D-447D-8F4E-1F762C691566}.Release|x86.ActiveCfg = Release|Win32
		{FEEEB024-7F3D-447D-8F4E-1F762C691566}.Release|x86.Build.0 = Release|Win32
		{C3E09B96-8A63-41C2-AAD3-94DD73804BB1}.Debug|x64.ActiveCfg = Debug|x64
		{C3E09B96-8A63-41C2-AAD3-94DD73804BB1}.Debug|x64.Build.0 = Debug|x64
		{C3E09B96-8A63-41C2-AAD3-94DD73804BB1}.Debug|x86.ActiveCfg = Debug|Win32
		{C3E09B96-8A63-41C2-AAD3-94DD73804BB1}.Debug|x86.Build.0 = Debug|Win32
		{C3E09B96-8A63-41C2-AAD3-94DD73804BB1}.Release|x64.ActiveCfg = Release|x64
		{C3E09B96-8A63-41C2-AAD3-94DD73804BB1}.Release|x64.Build.0 = Release|x64
		{C3E09B96-8A63-41C2-AAD3-94DD73804BB1}.Release|x86.ActiveCfg = Release|Win32
		{C3E09B96-8A63-41C2-AAD3-94DD73804BB1}.Release|x86.Build.0 = Release|Win32
		{F7250480-8ABD-48E4-A4F3-BF6222A89FA1}.Debug|x64.ActiveCfg = Debug|x64
		{F7250480-8ABD-48E4-A4F3-BF6222A89FA1}.Debug|x64.Build.0 = Debug|x64
		{F7250480-8ABD-48E4-A4F3-BF6222A89FA1}.Debug|x86.ActiveCfg = Debug|Win32
		{F7250480-8ABD-48E4-A4F3-BF6222A89FA1}.Debug|x86.Build.0 = Debug|Win32
		{F7250480-8ABD-48E4-A4F3-BF6222A89FA1}.Release|x64.ActiveCfg = Release|x64
		{F7250480-8ABD-48E4-A4F3-BF6222A89FA1}.Release|x64.Build.0 = Release|x64
		{F7250480-8ABD-48E4-A4F3-BF6222A89FA1}.Release|x86.ActiveCfg = Release|Win32
		{F7250480-8ABD-48E4-A4F3-BF6222A89FA1}.Release|x86.Build.0 = Release|Win32
		{01A13408-DADF-45C7-83ED-76EAE9AC0B23}.Debug|x64.ActiveCfg = Debug|x64
		{01A13408-DADF-45C7-83ED-76EAE9AC0B23}.Debug|x64.Build.0 = Debug|x64
		{01A13408-DADF-45C7-83ED-76EAE9AC0B23}.Debug|x86.ActiveCfg = Debug|Win32
		{01A13408-DADF-45C7-83ED-76EAE9AC0B23}.Debug|x86.Build.0 = Debug|Win32
		{01A13408-DADF-45C7-83ED-76EAE9AC0B23}.Release|x64.ActiveCfg = Release|x64
		{01A13408-DADF-45C7-83ED-76EAE9AC0B23}.Release|x64.Build.0 = Release|x64
		{01A13408-DADF-45C7-83ED-76EAE9AC0B23}.Release|x86.ActiveCfg = Release|Win32
		{01A13408-DADF-45C7-83ED-76EAE9AC0B23}.Release|x86.Build.0 = Release|Win32
		{AD3D970E-2103-4669-A746-140500DC08CB}.Debug|x64.ActiveCfg = Debug|x64
		{AD3D970E-2103-4669-A746-140500DC08CB}.Debug|x64.Build.0 = Debug|x64
		{AD3D970E-2103-4669-A746-140500DC08CB}.Debug|x86.ActiveCfg = Debug|Win32
		{AD3D970E-2103-4669-A746-140500DC08CB}.Debug|x86.Build.0 = Debug|Win32
		{AD3D970E-2103-4669-A746-140500DC08CB}.Release|x64.ActiveCfg = Release|x64
		{AD3D970E-2103-4669-A746-140500DC08CB}.Release|x64.Build.0 = Release|x64
		{AD3D970E-2103-4669-A746-140500DC08CB}.Release|x86.ActiveCfg = Release|Win32
		{AD3D970E-2103-4669-A746-140500DC08CB}.Release|x86.Build.0 = Release|Win32
		{6213DB0E-A10E-45A3-AA7E-78FF123A71E7}.Debug|x64.ActiveCfg = Debug|x64
		{6213DB0E-A10E-45A3-AA7E-78FF123A71E7}.Debug|x64.Build.0 = Debug|x64
		{6213DB0E-A10E-45A3-AA7E-78FF123A71E7}.Debug|x86.ActiveCfg = Debug|Win32
		{6213DB0E-A10E-45A3-AA7E-78FF123A71E7}.Debug|x86.Build.0 = Debug|Win32
		{6213DB0E-A10E-45A3-AA7E-78FF123A71E7}.Release|x64.ActiveCfg = Release|x64
		{6213DB0E-A10E-45A3-AA7E-78FF123A71E7}.Release|x64.Build.0 = Release|x64
		{6213DB0E-A10E-45A3-AA7E-78FF123A71E7}.Release|x86.ActiveCfg = Release|Win32
		{6213DB0E-A10E-45A3-AA7E-78FF123A71E7}.Release|x86.Build.0 = Release|Win32
		{9216BAB0-A6B9-4ECB-98B1-B70A96803A54}.Debug|x64.ActiveCfg = Debug|x64
		{9216BAB0-A6B9-4ECB-98B1-B70A96803A54}.Debug|x64.Build.0 = Debug|x64
		{9216BAB0-A6B9-4ECB-98B1-B70A96803A54}.Debug|x86.ActiveCfg = Debug|Win32
		{9216BAB0-A6B9-4ECB-98B1-B70A96803A54}.Debug|x86.Build.0 = Debug|Win32
		{9216BAB0-A6B9-4ECB-98B1-B70A96803A54}.Release|x64.ActiveCfg = Release|x64
		{9216BAB0-A6B9-4ECB-98B1-B70A96803A54}.Release|x64.Build.0 = Release|x64
		{9216BAB0-A6B9-4ECB-98B1-B70A96803A54}.Release|x86.ActiveCfg = Release|Win32
		{9216BAB0-A6B9-4ECB-98B1-B70A96803A54}.Release|x86.Build.0 = Release|Win32
		{CE022B65-A0AD-4EC9-8523-D68EDDED8877}.Debug|x64.ActiveCfg = Debug|x64
		{CE022B65-A0AD-4EC9-8523-D68EDDED8877}.Debug|x64.Build.0 = Debug|x64
		{CE022B65-A0AD-4EC9-8523-D68EDDED8877}.Debug|x86.ActiveCfg = Debug|Win32
		{CE022B65-A0AD-4EC9-8523-D68EDDED8877}.Debug|x86.Build.0 = Debug|Win32
		{CE022B65-A0AD-4EC9-8523-D68EDDED8877}.Release|x64.ActiveCfg = Release|x64
		{CE022B65-A0AD-4EC9-8523-D68EDDED8877}.Release|x64.Build.0 = Release|x64
		{CE022B65-A0AD-4EC9-8523-D68EDDED8877}.Release|x86.ActiveCfg = Release|Win32
		{CE022B65-A0AD-4EC9-8523-D68EDDED8877}.Release|x86.Build.0 = Release|Win32
		{07566592-DEA1-4827-BF9F-2497C67C7473}.Debug|x64.ActiveCfg = Debug|x64
		{07566592-DEA1-4827-BF9F-2497C67C7473}.Debug|x64.Build.0 = Debug|x64
		{07566592-DEA1-4827-BF9F-2497C67C7473}.Debug|x86.ActiveCfg = Debug|Win32
		{07566592-DEA1-4827-BF9F-2497C67C7473}.Debug|x86.Build.0 = Debug|Win32
		{07566592-DEA1-4827-BF9F-2497C67C7473}.Release|x64.ActiveCfg = Release|x64
		{07566592-DEA1-4827-BF9F-2497C67C7473}.Release|x64.Build.0 = Release|x64
		{07566592-DEA1-4827-BF9F-2497C67C7473}.Release|x86.ActiveCfg = Release|Win32
		{07566592-DEA1-4827-BF9F-2497C67C7473}.Release|x86.Build.0 = Release|Win32
		{1B1F810D-B279-4A40-9392-877A7727AA33}.Debug|x64.ActiveCfg = Debug|x64
		{1B1F810D-B279-4A40-9392-877A7727AA33}.Debug|x64.Build.0 = Debug|x64
		{1B1F810D-B279-4A40-9392-877A7727AA33}.Debug|x86.ActiveCfg = Debug|Win32
		{1B1F810D-B279-4A40-9392-877A7727AA33}.Debug|x86.Build.0 = Debug|Win32
		{1B1F810D-B279-4A40-9392-877A7727AA33}.Release|x64.ActiveCfg = Release|x64
		{1B1F810D-B279-4A40-9392-877A7727AA33}.Release|x64.Build.0 = Release|x64
		{1B1F810D-B279-4A40-9392-877A7727AA33}.Release|x86.ActiveCfg = Release|Win32
		{1B1F810D-B279-4A40-9392-877A7727AA33}.Release|x86.Build.0 = Release|Win32
		{980CCCC2-7A07-4280-81EA-B40A7C8388E7}.Debug|x64.ActiveCfg = Debug|x64
		{980CCCC2-7A07-4280-81EA-B40A7C8388E7}.Debug|x64.Build.0 = Debug|x64
		{980CCCC2-7A07-4280-81EA-B40A7C8388E7}.Debug|x86.ActiveCfg = Debug|Win32
		{980CCCC2-7A07-4280-81EA-B40A7C8388E7}.Debug|x86.Build.0 = Debug|Win32
		{980CCCC2-7A07-4280-81EA-B40A7C8388E7}.Release|x64.ActiveCfg = Release|x64
		{980CCCC2-7A07-4280-81EA-B40A7C8388E7}.Release|x64.Build.0 = Release|x64
		{980CCCC2-7A07-4280-81EA-B40A7C8388E7}.Release|x86.ActiveCfg = Release|Win32
		{980CCCC2-7A07-4280-81EA-B40A7C8388E7}.Release|x86.Build.0 = Release|Win32
		{EE4923E9-F2D3-4B99-9754-BD809ABBACA1}.Debug|x64.ActiveCfg = Debug|x64
		{EE4923E9-F2D3-4B99-9754-BD809ABBACA1}.Debug|x64.Build.0 = Debug|x64
		{EE4923E9-F2D3-4B99-9754-BD809ABBACA1}.Debug|x86.ActiveCfg = Debug|Win32
		{EE4923E9-F2D3-4B99-9754-BD809ABBACA1}.Debug|x86.Build.0 = Debug|Win32
		{EE4923E9-F2D3-4B99-9754-BD809ABBACA1}.Release|x64.ActiveCfg = Release|x64
		{EE4923E9-F2D3-4B99-9754-BD809ABBACA1}.Release|x64.Build.0 = Release|x64
		{EE4923E9-F2D3-4B99-9754-BD809ABBACA1}.Release|x86.ActiveCfg = Release|Win32
		{EE4923E9-F2D3-4B99-9754-BD809ABBACA1}.Release|x86.Build.0 = Release|Win32
		{488531B6-8217-4B4E-AC63-77BB75656ABB}.Debug|x64.ActiveCfg = Debug|x64
		{488531B6-8217-4B4E-AC63-77BB75656ABB}.Debug|x64.Build.0 = Debug|x64
		{488531B6-8217-4B4E-AC63-77BB75656ABB}.Debug|x86.ActiveCfg = Debug|Win32
		{488531B6-8217-4B4E-AC63-77BB75656ABB}.Debug|x86.Build.0 = Debug|Win32
		{488531B6-8217-4B4E-AC63-77BB75656ABB}.Release|x64.ActiveCfg = Release|x64
		{488531B6-8217-4B4E-AC63-77BB75656ABB}.Release|x64.Build.0 = Release|x64
		{488531B6-8217-4B4E-AC63-77BB75656ABB}.Release|x86.ActiveCfg = Release|Win32
		{488531B6-8217-4B4E-AC63-77BB75656ABB}.Release|x86.Build.0 = Release|Win32
		{D6315638-F1FA-4882-A3F8-05105A299A6A}.Debug|x64.ActiveCfg = Debug|x64
		{D6315638-F1FA-4882-A3F8-05105A299A6A}.Debug|x64.Build.0 = Debug|x64
		{D6315638-F1FA-4882-A3F8-05105A299A6A}.Debug|x86.ActiveCfg = Debug|Win32
		{D6315638-F1FA-4882-A3F8-05105A299A6A}.Debug|x86.Build.0 = Debug|Win32
		{D6315638-F1FA-4882-A3F8-05105A299A6A}.Release|x64.ActiveCfg = Release|x64
		{D6315638-F1FA-4882-A3F8-05105A299A6A}.Release|x64.Build.0 = Release|x64
		{D6315638-F1FA-4882-A3F8-05105A299A6A}.Release|x86.ActiveCfg = Release|Win32
		{D6315638-F1FA-4882-A3F8-05105A299A6A}.Release|x86.Build.0 = Release|Win32
		{902B75AD-CF7C-4BEB-B7C5-7446AF0C47EF}.Debug|x64.ActiveCfg = Debug|x64
		{902B75AD-CF7C-4BEB-B7C5-7446AF0C47EF}.Debug|x64.Build.0 = Debug|x64
		{902B75AD-CF7C-4BEB-B7C5-7446AF0C47EF}.Debug|x86.ActiveCfg = Debug|Win32
		{902B75AD-CF7C-4BEB-B7C5-7446AF0C47EF}.Debug|x86.Build.0 = Debug|Win32
		{902B75AD-CF7C-4BEB-B7C5-7446AF0C47EF}.Release|x64.ActiveCfg = Release|x64
		{902B75AD-CF7C-4BEB-B7C5-7446AF0C47EF}.Release|x64.Build.0 = Release|x64
		{902B75AD-CF7C-4BEB-B7C5-7446AF0C47EF}.Release|x86.ActiveCfg = Release|Win32
		{902B75AD-CF7C-4BEB-B7C5-7446AF0C47EF}.Release|x86.Build.0 = Release|Win32
		{DF7CB3AD-5B4D-495E-9A48-BE951CB0DD7A}.Debug|x64.ActiveCfg = Debug|x64
		{DF7CB3AD-5B4D-495E-9A48-BE951CB0DD7A}.Debug|x64.Build.0 = Debug|x64
		{DF7CB3AD-5B4D-495E-9A48-BE951CB0DD7A}.Debug|x86.ActiveCfg = Debug|Win32
		{DF7CB3AD-5B4D-495E-9A48-BE951CB0DD7A}.Debug|x86.Build.0 = Debug|Win32
		{DF7CB3AD-5B4D-495E-9A48-BE951CB0DD7A}.Release|x64.ActiveCfg = Release|x64
		{DF7CB3AD-5B4D-495E-9A48-BE951CB0DD7A}.Release|x64.Build.0 = Release|x64
		{DF7CB3AD-5B4D-495E-9A48-BE951CB0DD7A}.Release|x86.ActiveCfg = Release|Win32
		{DF7CB3AD-5B4D-495E-9A48-BE951CB0DD7A}.Release|x86.Build.0 = Release|Win32
		{0838DE2E-924D-4FBC-AD43-099FD5EBBC71}.Debug|x64.ActiveCfg = Debug|x64
		{0838DE2E-924D-4FBC-AD43-099FD5EBBC71}.Debug|x64.Build.0 = Debug|x64
		{0838DE2E-924D-4FBC-AD43-099FD5EBBC71}.Debug|x86.ActiveCfg = Debug|Win32
		{0838DE2E-924D-4FBC-AD43-099FD5EBBC71}.Debug|x86.Build.0 = Debug|Win32
		{0838DE2E-924D-4FBC-AD43-099FD5EBBC71}.Release|x64.ActiveCfg = Release|x64
		{0838DE2E-924D-4FBC-AD43-099FD5EBBC71}.Release|x64.Build.0 = Release|x64
		{0838DE2E-924D-4FBC-AD43-099FD5EBBC71}.Release|x86.ActiveCfg = Release|Win32
		{0838DE2E-924D-4FBC-AD43-099FD5EBBC71}.Release|x86.Build.0 = Release|Win32
		{918A0C62-7C58-41AA-8EAA-527065EC0FD4}.Debug|x64.ActiveCfg = Debug|x64
		{918A0C62-7C58-41AA-8EAA-527065EC0FD4}.Debug|x64.Build.0 = Debug|x64
		{918A0C62-7C58-41AA-8EAA-527065EC0FD4}.Debug|x86.ActiveCfg = Debug|Win32
		{918A0C62-7C58-41AA-8EAA-527065EC0FD4}.Debug|x86.Build.0 = Debug|Win32
		{918A0C62-7C58-41AA-8EAA-527065EC0FD4}.Release|x64.ActiveCfg = Release|x64
		{918A0C62-7C58-41AA-8EAA-527065EC0FD4}.Release|x64.Build.0 = Release|x64
		{918A0C62-7C58-41AA-8EAA-527065EC0FD4}.Release|x86.ActiveCfg = Release|Win32
		{918A0C62-7C58-41AA-8EAA-527065EC0FD4}.Release|x86.Build.0 = Release|Win32
		{4001A345-135B-4D1B-B0DC-30E5F957C29C}.Debug|x64.ActiveCfg = Debug|x64
		{4001A345-135B-4D1B-B0DC-30E5F957C29C}.Debug|x64.Build.0 = Debug|x64
		{4001A345-135B-4D1B-B0DC-30E5F957C29C}.Debug|x86.ActiveCfg = Debug|Win32
		{4001A345-135B-4D1B-B0DC-30E5F957C29C}.Debug|x86.Build.0 = Debug|Win32
		{4001A345-135B-4D1B-B0DC-30E5F957C29C}.Release|x64.ActiveCfg = Release|x64
		{4001A345-135B-4D1B-B0DC-30E5F957C29C}.Release|x64.Build.0 = Release|x64
		{4001A345-135B-4D1B-B0DC-30E5F957C29C}.Release|x86.ActiveCfg = Release|Win32
		{4001A345-135B-4D1B-B0DC-30E5F957C29C}.Release|x86.Build.0 = Release|Win32
		{CE40156A-3BFE-4599-9B1D-CDE96835CCE5}.Debug|x64.ActiveCfg = Debug|x64
		{CE40156A-3BFE-4599-9B1D-CDE96835CCE5}.Debug|x64.Build.0 = Debug|x64
		{CE40156A-3BFE-4599-9B1D-CDE96835CCE5}.Debug|x86.ActiveCfg = Debug|Win32
		{CE40156A-3BFE-4599-9B1D-CDE96835CCE5}.Debug|x86.Build.0 = Debug|Win32
		{CE40156A-3BFE-4599-9B1D-CDE96835CCE5}.Release|x64.ActiveCfg = Release|x64
		{CE40156A-3BFE-4599-9B1D-CDE96835CCE5}.Release|x64.Build.0 = Release|x64
		{CE40156A-3BFE-4599-9B1D-CDE96835CCE5}.Release|x86.ActiveCfg = Release|Win32
		{CE40156A-3BFE-4599-9B1D-CDE96835CCE5}.Release|x86.Build.0 = Release|Win32
		{AC35D4B2-8AFD-4C45-AFF7-423BD2EF6107}.Debug|x64.ActiveCfg = Debug|x64
		{AC35D4B2-8AFD-4C45-AFF7-423BD2EF6107}.Debug|x64.Build.0 = Debug|x64
		{AC35D4B2-8AFD-4C45-AFF7-423BD2EF6107}.Debug|x86.ActiveCfg = Debug|Win32
		{AC35D4B2-8AFD-4C45-AFF7-423BD2EF6107}.Debug|x86.Build.0 = Debug|Win32
		{AC35D4B2-8AFD-4C45-AFF7-423BD2EF6107}.Release|x64.ActiveCfg = Release|x64
		{AC35D4B2-8AFD-4C45-AFF7-423BD2EF6107}.Release|x64.Build.0 = Release|x64
		{AC35D4B2-8AFD-4C45-AFF7-423BD2EF6107}.Release|x86.ActiveCfg = Release|Win32
		{AC35D4B2-8AFD-4C45-AFF7-423BD2EF6107}.Release|x86.Build.0 = Release|Win32
		{658C28D0-F5AC-4287-A5E5-9792B1D2367E}.Debug|x64.ActiveCfg = Debug|x64
		{658C28D0-F5AC-4287-A5E5-9792B1D2367E}.Debug|x64.Build.0 = Debug|x64
		{658C28D0-F5AC-4287-A5E5-9792B1D2367E}.Debug|x86.ActiveCfg = Debug|Win32
		{658C28D0-F5AC-4287-A5E5-9792B1D2367E}.Debug|x86.Build.0 = Debug|Win32
		{658C28D0-F5AC-4287-A5E5-9792B1D2367E}.Release|x64.ActiveCfg = Release|x64
		{658C28D0-F5AC-4287-A5E5-9792B1D2367E}.Release|x64.Build.0 = Release|x64
		{658C28D0-F5AC-4287-A5E5-9792B1D2367E}.Release|x86.ActiveCfg = Release|Win32
		{658C28D0-F5AC-4287-A5E5-9792B1D2367E}.Release|x86.Build.0 = Release|Win32
		{D89051CF-A9FA-4FDD-9957-C163AA695306}.Debug|x64.ActiveCfg = Debug|x64
		{D89051CF-A9FA-4FDD-9957-C163AA695306}.Debug|x64.Build.0 = Debug|x64
		{D89051CF-A9FA-4FDD-9957-C163AA695306}.Debug|x86.ActiveCfg = Debug|Win32
		{D89051CF-A9FA-4FDD-9957-C163AA695306}.Debug|x86.Build.0 = Debug|Win32
		{D89051CF-A9FA-4FDD-9957-C163AA695306}.Release|x64.ActiveCfg = Release|x64
		{D89051CF-A9FA-4FDD-9957-C163AA695306}.Release|x64.Build.0 = Release|x64
		{D89051CF-A9FA-4FDD-9957-C163AA695306}.Release|x86.ActiveCfg = Release|Win32
		{D89051CF-A9FA-4FDD-9957-C163AA695306}.Release|x86.Build.0 = Release|Win32
		{87CE564F-8406-448A-B1FE-5A4F2C72E50D}.Debug|x64.ActiveCfg = Debug|x64
		{87CE564F-8406-448A-B1FE-5A4F2C72E50D}.Debug|x64.Build.0 = Debug|x64
		{87CE564F-8406-448A-B1FE-5A4F2C72E50D}.Debug|x86.ActiveCfg = Debug|Win32
		{87CE564F-8406-448A-B1FE-5A4F2C72E50D}.Debug|x86.Build.0 = Debug|Win32
		{87CE564F-8406-448A-B1FE-5A4F2C72E50D}.Release|x64.ActiveCfg = Release|x64
		{87CE564F-8406-448A-B1FE-5A4F2C72E50D}.Release|x64.Build.0 = Release|x64
		{87CE564F-8406-448A-B1FE-5A4F2C72E50D}.Release|x86.ActiveCfg = Release|Win32
		{87CE564F-8406-448A-B1FE-5A4F2C72E50D}.Release|x86.Build.0 = Release|Win32
		{E0E90E02-BEBE-43D9-8195-6D7C30C0CC75}.Debug|x64.ActiveCfg = Debug|x64
		{E0E90E02-BEBE-43D9-8195-6D7C30C0CC75}.Debug|x64.Build.0 = Debug|x64
		{E0E90E02-BEBE-43D9-8195-6D7C30C0CC75}.Debug|x86.ActiveCfg = Debug|Win32
		{E0E90E02-BEBE-43D9-8195-6D7C30C0CC75}.Debug|x86.Build.0 = Debug|Win32
		{E0E90E02-BEBE-43D9-8195-6D7C30C0CC75}.Release|x64.ActiveCfg = Release|x64
		{E0E90E02-BEBE-43D9-8195-6D7C30C0CC75}.Release|x64.Build.0 = Release|x64
		{E0E90E02-BEBE-43D9-8195-6D7C30C0CC75}.Release|x86.ActiveCfg = Release|Win32
		{E0E90E02-BEBE-43D9-8195-6D7C30C0CC75}.Release|x86.Build.0 = Release|Win32
		{FC1C8D03-7A1E-4FD8-822B-F1ED453444BD}.Debug|x64.ActiveCfg = Debug|x64
		{FC1C8D03-7A1E-4FD8-822B-F1ED453444BD}.Debug|x64.Build.0 = Debug|x64
		{FC1C8D03-7A1E-4FD8-822B-F1ED453444BD}.Debug|x86.ActiveCfg = Debug|Win32
		{FC1C8D03-7A1E-4FD8-822B-F1ED453444BD}.Debug|x86.Build.0 = Debug|Win32
		{FC1C8D03-7A1E-4FD8-822B-F1ED453444BD}.Release|x64.ActiveCfg = Release|x64
		{FC1C8D03-7A1E-4FD8-822B-F1ED453444BD}.Release|x64.Build.0 = Release|x64
		{FC1C8D03-7A1E-4FD8-822B-F1ED453444BD}.Release|x86.ActiveCfg = Release|Win32
		{FC1C8D03-7A1E-4FD8-822B-F1ED453444BD}.Release|x86.Build.0 = Release|Win32
		{5B6070E9-F688-4BA9-A26B-7B2997D67DFA}.Debug|x64.ActiveCfg = Debug|x64
		{5B6070E9-F688-4BA9-A26B-7B2997D67DFA}.Debug|x64.Build.0 = Debug|x64
		{5B6070E9-F688-4BA9-A26B-7B2997D67DFA}.Debug|x86.ActiveCfg = Debug|Win32
		{5B6070E9-F688-4BA9-A26B-7B2997D67DFA}.Debug|x86.Build.0 = Debug|Win32
		{5B6070E9-F688-4BA9-A26B-7B2997D67DFA}.Release|x64.ActiveCfg = Release|x64
		{5B6070E9-F688-4BA9-A26B-7B2997D67DFA}.Release|x64.Build.0 = Release|x64
		{5B6070E9-F688-4BA9-A26B-7B2997D67DFA}.Release|x86.ActiveCfg = Release|Win32
		{5B6070E9-F688-4BA9-A26B-7B2997D67DFA}.Release|x86.Build.0 = Release|Win32
		{7ED438CB-AD25-4E2F-AB18-7D2EA0B9BFA7}.Debug|x64.ActiveCfg = Debug|x64
		{7ED438CB-AD25-4E2F-AB18-7D2EA0B9BFA7}.Debug|x64.Build.0 = Debug|x64
		{7ED438CB-AD25-4E2F-AB18-7D2EA0B9BFA7}.Debug|x86.ActiveCfg = Debug|Win32
		{7ED438CB-AD25-4E2F-AB18-7D2EA0B9BFA7}.Debug|x86.Build.0 = Debug|Win32
		{7ED438CB-AD25-4E2F-AB18-7D2EA0B9BFA7}.Release|x64.ActiveCfg = Release|x64
		{7ED438CB-AD25-4E2F-AB18-7D2EA0B9BFA7}.Release|x64.Build.0 = Release|x64
		{7ED438CB-AD25-4E2F-AB18-7D2EA0B9BFA7}.Release|x86.ActiveCfg = Release|Win32
		{7ED438CB-AD25-4E2F-AB18-7D2EA0B9BFA7}.Release|x86.Build.0 = Release|Win32
		{A0DDD626-CAC6-4B5F-B588-2976FF1CDDC5}.Debug|x64.ActiveCfg = Debug|x64
		{A0DDD626-CAC6-4B5F-B588-2976FF1CDDC5}.Debug|x64.Build.0 = Debug|x64
		{A0DDD626-CAC6-4B5F-B588-2976FF1CDDC5}.Debug|x86.ActiveCfg = Debug|Win32
		{A0DDD626-CAC6-4B5F-B588-2976FF1CDDC5}.Debug|x86.Build.0 = Debug|Win32
		{A0DDD626-CAC6-4B5F-B588-2976FF1CDDC5}.Release|x64.ActiveCfg = Release|x64
		{A0DDD626-CAC6-4B5F-B588-2976FF1CDDC5}.Release|x64.Build.0 = Release|x64
		{A0DDD626-CAC6-4B5F-B588-2976FF1CDDC5}.Release|x86.ActiveCfg = Release|Win32
		{A0DDD626-CAC6-4B5F-B588-2976FF1CDDC5}.Release|x86.Build.0 = Release|Win32
		{904133CE-49D9-4CA6-9566-6F51DB385EE9}.Debug|x64.ActiveCfg = Debug|x64
		{904133CE-49D9-4CA6-9566-6F51DB385EE9}.Debug|x64.Build.0 = Debug|x64
		{904133CE-49D9-4CA6-9566-6F51DB385EE9}.Debug|x86.ActiveCfg = Debug|Win32
		{904133CE-49D9-4CA6-9566-6F51DB385EE9}.Debug|x86.Build.0 = Debug|Win32
		{904133CE-49D9-4CA6-9566-6F51DB385EE9}.Release|x64.ActiveCfg = Release|x64
		{904133CE-49D9-4CA6-9566-6F51DB385EE9}.Release|x64.Build.0 = Release|x64
		{904133CE-49D9-4CA6-9566-6F51DB385EE9}.Release|x86.ActiveCfg = Release|Win32
		{904133CE-49D9-4CA6-9566-6F51DB385EE9}.Release|x86.Build.0 = Release|Win32
		{747B387F-FD44-4ED0-8F4B-75EC5AB27384}.Debug|x64.ActiveCfg = Debug|x64
		{747B387F-FD44-4ED0-8F4B-75EC5AB27384}.Debug|x64.Build.0 = Debug|x64
		{747B387F-FD44-4ED0-8F4B-75EC5AB27384}.Debug|x86.ActiveCfg = Debug|Win32
		{747B387F-FD44-4ED0-8F4B-75EC5AB27384}.Debug|x86.Build.0 = Debug|Win32
		{747B387F-FD44-4ED0-8F4B-75EC5AB27384}.Release|x64.ActiveCfg = Release|x64
		{747B387F-FD44-4ED0-8F4B-75EC5AB27384}.Release|x64.Build.0 = Release|x64
		{747B387F-FD44-4ED0-8F4B-75EC5AB27384}.Release|x86.ActiveCfg = Release|Win32
		{747B387F-FD44-4ED0-8F4B-75EC5AB27384}.Release|x86.Build.0 = Release|Win32
		{AC8A18D1-110E-4EFF-B4BA-B9CC25EDF9D9}.Debug|x64.ActiveCfg = Debug|x64
		{AC8A18D1-110E-4EFF-B4BA-B9CC25EDF9D9}.Debug|x64.Build.0 = Debug|x64
		{AC8A18D1-110E-4EFF-B4BA-B9CC25EDF9D9}.Debug|x86.ActiveCfg = Debug|Win32
		{AC8A18D1-110E-4EFF-B4BA-B9CC25EDF9D9}.Debug|x86.Build.0 = Debug|Win32
		{AC8A18D1-110E-4EFF-B4BA-B9CC25EDF9D9}.Release|x64.ActiveCfg = Release|x64
		{AC8A18D1-110E-4EFF-B4BA-B9CC25EDF9D9}.Release|x64.Build.0 = Release|x64
		{AC8A18D1-110E-4EFF-B4BA-B9CC25EDF9D9}.Release|x86.ActiveCfg = Release|Win32
		{AC8A18D1-110E-4EFF-B4BA-B9CC25EDF9D9}.Release|x86.Build.0 = Release|Win32
		{F2A79F7F-6F51-404D-BB04-796D05693640}.Debug|x64.ActiveCfg = Debug|x64
		{F2A79F7F-6F51-404D-BB04-796D05693640}.Debug|x64.Build.0 = Debug|x64
		{F2A79F7F-6F51-404D-BB04-796D05693640}.Debug|x86.ActiveCfg = Debug|Win32
		{F2A79F7F-6F51-404D-BB04-796D05693640}.Debug|x86.Build.0 = Debug|Win32
		{F2A79F7F-6F51-404D-BB04-796D05693640}.Release|x64.ActiveCfg = Release|x64
		{F2A79F7F-6F51-404D-BB04-796D05693640}.Release|x64.Build.0 = Release|x64
		{F2A79F7F-6F51-404D-BB04-796D05693640}.Release|x86.ActiveCfg = Release|Win32
		{F2A79F7F-6F51-404D-BB04-796D05693640}.Release|x86.Build.0 = Release|Win32
		{639C83DB-AD7F-4FEA-ACA7-06C89227019B}.Debug|x64.ActiveCfg = Debug|x64
		{639C83DB-AD7F-4FEA-ACA7-06C89227019B}.Debug|x64.Build.0 = Debug|x64
		{639C83DB-AD7F-4FEA-ACA7-06C89227019B}.Debug|x86.ActiveCfg = Debug|Win32
		{639C83DB-AD7F-4FEA-ACA7-06C89227019B}.Debug|x86.Build.0 = Debug|Win32
		{639C83DB-AD7F-4FEA-ACA7-06C89227019B}.Release|x64.ActiveCfg = Release|x64
		{639C83DB-AD7F-4FEA-ACA7-06C89227019B}.Release|x64.Build.0 = Release|x64
		{639C83DB-AD7F-4FEA-ACA7-06C89227019B}.Release|x86.ActiveCfg = Release|Win32
		{639C83DB-AD7F-4FEA-ACA7-06C89227019B}.Release|x86.Build.0 = Release|Win32
		{2EB153F6-1DBA-4CF8-8F9D-BE3DB30C7F26}.Debug|x64.ActiveCfg = Debug|x64
		{2EB153F6-1DBA-4CF8-8F9D-BE3DB30C7F26}.Debug|x64.Build.0 = Debug|x64
		{2EB153F6-1DBA-4CF8-8F9D-BE3DB30C7F26}.Debug|x86.ActiveCfg = Debug|Win32
		{2EB153F6-1DBA-4CF8-8F9D-BE3DB30C7F26}.Debug|x86.Build.0 = Debug|Win32
		{2EB153F6-1DBA-4CF8-8F9D-BE3DB30C7F26}.Release|x64.ActiveCfg = Release|x64
		{2EB153F6-1DBA-4CF8-8F9D-BE3DB30C7F26}.Release|x64.Build.0 = Release|x64
		{2EB153F6-1DBA-4CF8-8F9D-BE3DB30C7F26}.Release|x86.ActiveCfg = Release|Win32
		{2EB153F6-1DBA-4CF8-8F9D-BE3DB30C7F26}.Release|x86.Build.0 = Release|Win32
		{57F67AA8-84B2-4132-AE1F-72572FF561DA}.Debug|x64.ActiveCfg = Debug|x64
		{57F67AA8-84B2-4132-AE1F-72572FF561DA}.Debug|x64.Build.0 = Debug|x64
		{57F67AA8-84B2-4132-AE1F-72572FF561DA}.Debug|x86.ActiveCfg = Debug|Win32
		{57F67AA8-84B2-4132-AE1F-72572FF561DA}.Debug|x86.Build.0 = Debug|Win32
		{57F67AA8-84B2-4132-AE1F-72572FF561DA}.Release|x64.ActiveCfg = Release|x64
		{57F67AA8-84B2-4132-AE1F-72572FF561DA}.Release|x64.Build.0 = Release|x64
		{57F67AA8-84B2-4132-AE1F-72572FF561DA}.Release|x86.ActiveCfg = Release|Win32
		{57F67AA8-84B2-4132-AE1F-72572FF561DA}.Release|x86.Build.0 = Release|Win32
		{3A835B71-24B8-4268-AD6F-74A4950BD45D}.Debug|x64.ActiveCfg = Debug|x64
		{3A835B71-24B8-4268-AD6F-74A4950BD45D}.Debug|x64.Build.0 = Debug|x64
		{3A835B71-24B8-4268-AD6F-74A4950BD45D}.Debug|x86.ActiveCfg = Debug|Win32
		{3A835B71-24B8-4268-AD6F-74A4950BD45D}.Debug|x86.Build.0 = Debug|Win32
		{3A835B71-24B8-4268-AD6F-74A4950BD45D}.Release|x64.ActiveCfg = Release|x64
		{3A835B71-24B8-4268-AD6F-74A4950BD45D}.Release|x64.Build.0 = Release|x64
		{3A835B71-24B8-4268-AD6F-74A4950BD45D}.Release|x86.ActiveCfg = Release|Win32
		{3A835B71-24B8-4268-AD6F-74A4950BD45D}.Release|x86.Build.0 = Release|Win32
		{7812A865-7504-4BEE-9613-F4141B5E6313}.Debug|x64.ActiveCfg = Debug|x64
		{7812A865-7504-4BEE-9613-F4141B5E6313}.Debug|x64.Build.0 = Debug|x64
		{7812A865-7504-4BEE-9613-F4141B5E6313}.Debug|x86.ActiveCfg = Debug|Win32
		{7812A865-7504-4BEE-9613-F4141B5E6313}.Debug|x86.Build.0 = Debug|Win32
		{7812A865-7504-4BEE-9613-F4141B5E6313}.Release|x64.ActiveCfg = Release|x64
		{7812A865-7504-4BEE-9613-F4141B5E6313}.Release|x64.Build.0 = Release|x64
		{7812A865-7504-4BEE-9613-F4141B5E6313}.Release|x86.ActiveCfg = Release|Win32
		{7812A865-7504-4BEE-9613-F4141B5E6313}.Release|x86.Build.0 = Release|Win32
		{683D1B47-138B-4575-9DEC-27A74F4B7615}.Debug|x64.ActiveCfg = Debug|x64
		{683D1B47-138B-4575-9DEC-27A74F4B7615}.Debug|x64.Build.0 = Debug|x64
		{683D1B47-138B-4575-9DEC-27A74F4B7615}.Debug|x86.ActiveCfg = Debug|Win32
		{683D1B47-138B-4575-9DEC-27A74F4B7615}.Debug|x86.Build.0 = Debug|Win32
		{683D1B47-138B-4575-9DEC-27A74F4B7615}.Release|x64.ActiveCfg = Release|x64
		{683D1B47-138B-4575-9DEC-27A74F4B7615}.Release|x64.Build.0 = Release|x64
		{683D1B47-138B-4575-9DEC-27A74F4B7615}.Release|x86.ActiveCfg = Release|Win32
		{683D1B47-138B-4575-9DEC-27A74F4B7615}.Release|x86.Build.0 = Release|Win32
		{B5CF95CE-C3F6-4FF6-9652-472AABE2F739}.Debug|x64.ActiveCfg = Debug|x64
		{B5CF95CE-C3F6-4FF6-9652-472AABE2F739}.Debug|x64.Build.0 = Debug|x64
		{B5CF95CE-C3F6-4FF6-9652-472AABE2F739}.Debug|x86.ActiveCfg = Debug|Win32
		{B5CF95CE-C3F6-4FF6-9652-472AABE2F739}.Debug|x86.Build.0 = Debug|Win32
		{B5CF95CE-C3F6-4FF6-9652-472AABE2F739}.Release|x64.ActiveCfg = Release|x64
		{B5CF95CE-C3F6-4FF6-9652-472AABE2F739}.Release|x64.Build.0 = Release|x64
		{B5CF95CE-C3F6-4FF6-9652-472AABE2F739}.Release|x86.ActiveCfg = Release|Win32
		{B5CF95CE-C3F6-4FF6-9652-472AABE2F739}.Release|x86.Build.0 = Release|Win32
		{10569AFC-D729-4451-9D3C-BB9A38DD533D}.Debug|x64.ActiveCfg = Debug|x64
		{10569AFC-D729-4451-9D3C-BB9A38DD533D}.Debug|x64.Build.0 = Debug|x64
		{10569AFC-D729-4451-9D3C-BB9A38DD533D}.Debug|x86.ActiveCfg = Debug|Win32
		{10569AFC-D729-4451-9D3C-BB9A38DD533D}.Debug|x86.Build.0 = Debug|Win32
		{10569AFC-D729-4451-9D3C-BB9A38DD533D}.Release|x64.ActiveCfg = Release|x64
		{10569AFC-D729-4451-9D3C-BB9A38DD533D}.Release|x64.Build.0 = Release|x64
		{10569AFC-D729-4451-9D3C-BB9A38DD533D}.Release|x86.ActiveCfg = Release|Win32
		{10569AFC-D729-4451-9D3C-BB9A38DD533D}.Release|x86.Build.0 = Release|Win32
		{A4FB29A6-A0A4-4722-AC8F-28580BF46146}.Debug|x64.ActiveCfg = Debug|x64
		{A4FB29A6-A0A4-4722-AC8F-28580BF46146}.Debug|x64.Build.0 = Debug|x64
		{A4FB29A6-A0A4-4722-AC8F-28580BF46146}.Debug|x86.ActiveCfg = Debug|Win32
		{A4FB29A6-A0A4-4722-AC8F-28580BF46146}.Debug|x86.Build.0 = Debug|Win32
		{A4FB29A6-A0A4-4722-AC8F-28580BF46146}.Release|x64.ActiveCfg = Release|x64
		{A4FB29A6-A0A4-4722-AC8F-28580BF46146}.Release|x64.Build.0 = Release|x64
		{A4FB29A6-A0A4-4722-AC8F-28580BF46146}.Release|x86.ActiveCfg = Release|Win32
		{A4FB29A6-A0A4-4722-AC8F-28580BF46146}.Release|x86.Build.0 = Release|Win32
		{F0F0D077-B325-45D6-AF4F-DA8B6BE84F69}.Debug|x64.ActiveCfg = Debug|x64
		{F0F0D077-B325-45D6-AF4F-DA8B6BE84F69}.Debug|x64.Build.0 = Debug|x64
		{F0F0D077-B325-45D6-AF4F-DA8B6BE84F69}.Debug|x86.ActiveCfg = Debug|Win32
		{F0F0D077-B325-45D6-AF4F-DA8B6BE84F69}.Debug|x86.Build.0 = Debug|Win32
		{F0F0D077-B325-45D6-AF4F-DA8B6BE84F69}.Release|x64.ActiveCfg = Release|x64
		{F0F0D077-B325-45D6-AF4F-DA8B6BE84F69}.Release|x64.Build.0 = Release|x64
		{F0F0D077-B325-45D6-AF4F-DA8B6BE84F69}.Release|x86.ActiveCfg = Release|Win32
		{F0F0D077-B325-45D6-AF4F-DA8B6BE84F69}.Release|x86.Build.0 = Release|Win32
		{624D92E3-0F7E-45F8-8AC5-906A79BB4FFC}.Debug|x64.ActiveCfg = Debug|x64
		{624D92E3-0F7E-45F8-8AC5-906A79BB4FFC}.Debug|x64.Build.0 = Debug|x64
		{624D92E3-0F7E-45F8-8AC5-906A79BB4FFC}.Debug|x86.ActiveCfg = Debug|Win32
		{624D92E3-0F7E-45F8-8AC5-906A79BB4FFC}.Debug|x86.Build.0 = Debug|Win32
		{624D92E3-0F7E-45F8-8AC5-906A79BB4FFC}.Release|x64.ActiveCfg = Release|x64
		{624D92E3-0F7E-45F8-8AC5-906A79BB4FFC}.Release|x64.Build.0 = Release|x64
		{624D92E3-0F7E-45F8-8AC5-906A79BB4FFC}.Release|x86.ActiveCfg = Release|Win32
		{624D92E3-0F7E-45F8-8AC5-906A79BB4FFC}.Release|x86.Build.0 = Release|Win32
		{71000796-A096-4908-A29E-AA95F7E06C91}.Debug|x64.ActiveCfg = Debug|x64
		{71000796-A096-4908-A29E-AA95F7E06C91}.Debug|x64.Build.0 = Debug|x64
		{71000796-A096-4908-A29E-AA95F7E06C91}.Debug|x86.ActiveCfg = Debug|Win32
		{71000796-A096-4908-A29E-AA95F7E06C91}.Debug|x86.Build.0 = Debug|Win32
		{71000796-A096-4908-A29E-AA95F7E06C91}.Release|x64.ActiveCfg = Release|x64
		{71000796-A096-4908-A29E-AA95F7E06C91}.Release|x64.Build.0 = Release|x64
		{71000796-A096-4908-A29E-AA95F7E06C91}.Release|x86.ActiveCfg = Release|Win32
		{71000796-A096-4908-A29E-AA95F7E06C91}.Release|x86.Build.0 = Release|Win32
		{491AD9EB-4C25-4FF7-BB5C-CB64FAF8EED9}.Debug|x64.ActiveCfg = Debug|x64
		{491AD9EB-4C25-4FF7-BB5C-CB64FAF8EED9}.Debug|x64.Build.0 = Debug|x64
		{491AD9EB-4C25-4FF7-BB5C-CB64FAF8EED9}.Debug|x86.ActiveCfg = Debug|Win32
		{491AD9EB-4C25-4FF7-BB5C-CB64FAF8EED9}.Debug|x86.Build.0 = Debug|Win32
		{491AD9EB-4C25-4FF7-BB5C-CB64FAF8EED9}.Release|x64.ActiveCfg = Release|x64
		{491AD9EB-4C25-4FF7-BB5C-CB64FAF8EED9}.Release|x64.Build.0 = Release|x64
		{491AD9EB-4C25-4FF7-BB5C-CB64FAF8EED9}.Release|x86.ActiveCfg = Release|Win32
		{491AD9EB-4C25-4FF7-BB5C-CB64FAF8EED9}.Release|x86.Build.0 = Release|Win32
		{AAFF182C-98EF-4040-B52A-B3F55D6626A2}.Debug|x64.ActiveCfg = Debug|x64
		{AAFF182C-98EF-4040-B52A-B3F55D6626A2}.Debug|x64.Build.0 = Debug|x64
		{AAFF182C-98EF-4040-B52A-B3F55D6626A2}.Debug|x86.ActiveCfg = Debug|Win32
		{AAFF182C-98EF-4040-B52A-B3F55D6626A2}.Debug|x86.Build.0 = Debug|Win32
		{AAFF182C-98EF-4040-B52A-B3F55D6626A2}.Release|x64.ActiveCfg = Release|x64
		{AAFF182C-98EF-4040-B52A-B3F55D6626A2}.Release|x64.Build.0 = Release|x64
		{AAFF182C-98EF-4040-B52A-B3F55D6626A2}.Release|x86.ActiveCfg = Release|Win32
		{AAFF182C-98EF-4040-B52A-B3F55D6626A2}.Release|x86.Build.0 = Release|Win32
		{DBF71ADF-4E61-4D77-81B8-F3F7B31B4BFB}.Debug|x64.ActiveCfg = Debug|x64
		{DBF71ADF-4E61-4D77-81B8-F3F7B31B4BFB}.Debug|x64.Build.0 = Debug|x64
		{DBF71ADF-4E61-4D77-81B8-F3F7B31B4BFB}.Debug|x86.ActiveCfg = Debug|Win32
		{DBF71ADF-4E61-4D77-81B8-F3F7B31B4BFB}.Debug|x86.Build.0 = Debug|Win32
		{DBF71ADF-4E61-4D77-81B8-F3F7B31B4BFB}.Release|x64.ActiveCfg = Release|x64
		{DBF71ADF-4E61-4D77-81B8-F3F7B31B4BFB}.Release|x64.Build.0 = Release|x64
		{DBF71ADF-4E61-4D77-81B8-F3F7B31B4BFB}.Release|x86.ActiveCfg = Release|Win32
		{DBF71ADF-4E61-4D77-81B8-F3F7B31B4BFB}.Release|x86.Build.0 = Release|Win32
		{A44D4843-B5B2-454E-8A48-D7498CA6734E}.Debug|x64.ActiveCfg = Debug|x64
		{A44D4843-B5B2-454E-8A48-D7498CA6734E}.Debug|x64.Build.0 = Debug|x64
		{A44D4843-B5B2-454E-8A48-D7498CA6734E}.Debug|x86.ActiveCfg = Debug|Win32
		{A44D4843-B5B2-454E-8A48-D7498CA6734E}.Debug|x86.Build.0 = Debug|Win32
		{A44D4843-B5B2-454E-8A48-D7498CA6734E}.Release|x64.ActiveCfg = Release|x64
		{A44D4843-B5B2-454E-8A48-D7498CA6734E}.Release|x64.Build.0 = Release|x64
		{A44D4843-B5B2-454E-8A48-D7498CA6734E}.Release|x86.ActiveCfg = Release|Win32
		{A44D4843-B5B2-454E-8A48-D7498CA6734E}.Release|x86.Build.0 = Release|Win32
		{871C3DB8-39F4-46BD-9ADA-F224EC34D0A8}.Debug|x64.ActiveCfg = Debug|x64
		{871C3DB8-39F4-46BD-9ADA-F224EC34D0A8}.Debug|x64.Build.0 = Debug|x64
		{871C3DB8-39F4-46BD-9ADA-F224EC34D0A8}.Debug|x86.ActiveCfg = Debug|Win32
		{871C3DB8-39F4-46BD-9ADA-F224EC34D0A8}.Debug|x86.Build.0 = Debug|Win32
		{871C3DB8-39F4-46BD-9ADA-F224EC34D0A8}.Release|x64.ActiveCfg = Release|x64
		{871C3DB8-39F4-46BD-9ADA-F224EC34D0A8}.Release|x64.Build.0 = Release|x64
		{871C3DB8-39F4-46BD-9ADA-F224EC34D0A8}.Release|x86.ActiveCfg = Release|Win32
		{871C3DB8-39F4-46BD-9ADA-F224EC34D0A8}.Release|x86.Build.0 = Release|Win32
		{2960C69F-C728-452D-A08F-42A7436567FE}.Debug|x64.ActiveCfg = Debug|x64
		{2960C69F-C728-452D-A08F-42A7436567FE}.Debug|x64.Build.0 = Debug|x64
		{2960C69F-C728-452D-A08F-42A7436567FE}.Debug|x86.ActiveCfg = Debug|Win32
		{2960C69F-C728-452D-A08F-42A7436567FE}.Debug|x86.Build.0 = Debug|Win32
		{2960C69F-C728-452D-A08F-42A7436567FE}.Release|x64.ActiveCfg = Release|x64
		{2960C69F-C728-452D-A08F-42A7436567FE}.Release|x64.Build.0 = Release|x64
		{2960C69F-C728-452D-A08F-42A7436567FE}.Release|x86.ActiveCfg = Release|Win32
		{2960C69F-C728-452D-A08F-42A7436567FE}.Release|x86.Build.0 = Release|Win32
		{897C5FC6-9EF7-4EE9-BAF8-BDACA2827BC1}.Debug|x64.ActiveCfg = Debug|x64
		{897C5FC6-9EF7-4EE9-BAF8-BDACA2827BC1}.Debug|x64.Build.0 = Debug|x64
		{897C5FC6-9EF7-4EE9-BAF8-BDACA2827BC1}.Debug|x86.ActiveCfg = Debug|Win32
		{897C5FC6-9EF7-4EE9-BAF8-BDACA2827BC1}.Debug|x86.Build.0 = Debug|Win32
		{897C5FC6-9EF7-4EE9-BAF8-BDACA2827BC1}.Release|x64.ActiveCfg = Release|x64
		{897C5FC6-9EF7-4EE9-BAF8-BDACA2827BC1}.Release|x64.Build.0 = Release|x64
		{897C5FC6-9EF7-4EE9-BAF8-BDACA2827BC1}.Release|x86.ActiveCfg = Release|Win32
		{897C5FC6-9EF7-4EE9-BAF8-BDACA2827BC1}.Release|x86.Build.0 = Release|Win32
		{D2E30CAB-C392-417F-B0D4-F85D31DAD622}.Debug|x64.ActiveCfg = Debug|x64
		{D2E30CAB-C392-417F-B0D4-F85D31DAD622}.Debug|x64.Build.0 = Debug|x64
		{D2E30CAB-C392-417F-B0D4-F85D31DAD622}.Debug|x86.ActiveCfg = Debug|Win32
		{D2E30CAB-C392-417F-B0D4-F85D31DAD622}.Debug|x86.Build.0 = Debug|Win32
		{D2E30CAB-C392-417F-B0D4-F85D31DAD622}.Release|x64.ActiveCfg = Release|x64
		{D2E30CAB-C392-417F-B0D4-F85D31DAD622}.Release|x64.Build.0 = Release|x64
		{D2E30CAB-C392-417F-B0D4-F85D31DAD622}.Release|x86.ActiveCfg = Release|Win32
		{D2E30CAB-C392-417F-B0D4-F85D31DAD622}.Release|x86.Build.0 = Release|Win32
	EndGlobalSection
	GlobalSection(SolutionProperties) = preSolution
		HideSolutionNode = FALSE
	EndGlobalSection
	GlobalSection(NestedProjects) = preSolution
		{904133CE-49D9-4CA6-9566-6F51DB385EE9} = {06D5C4E8-2BB7-48A1-9A38-E32F5E38472F}
		{747B387F-FD44-4ED0-8F4B-75EC5AB27384} = {06D5C4E8-2BB7-48A1-9A38-E32F5E38472F}
		{F2A79F7F-6F51-404D-BB04-796D05693640} = {06D5C4E8-2BB7-48A1-9A38-E32F5E38472F}
		{639C83DB-AD7F-4FEA-ACA7-06C89227019B} = {06D5C4E8-2BB7-48A1-9A38-E32F5E38472F}
		{2EB153F6-1DBA-4CF8-8F9D-BE3DB30C7F26} = {06D5C4E8-2BB7-48A1-9A38-E32F5E38472F}
		{57F67AA8-84B2-4132-AE1F-72572FF561DA} = {06D5C4E8-2BB7-48A1-9A38-E32F5E38472F}
		{3A835B71-24B8-4268-AD6F-74A4950BD45D} = {06D5C4E8-2BB7-48A1-9A38-E32F5E38472F}
		{7812A865-7504-4BEE-9613-F4141B5E6313} = {06D5C4E8-2BB7-48A1-9A38-E32F5E38472F}
		{683D1B47-138B-4575-9DEC-27A74F4B7615} = {06D5C4E8-2BB7-48A1-9A38-E32F5E38472F}
		{B5CF95CE-C3F6-4FF6-9652-472AABE2F739} = {06D5C4E8-2BB7-48A1-9A38-E32F5E38472F}
		{10569AFC-D729-4451-9D3C-BB9A38DD533D} = {06D5C4E8-2BB7-48A1-9A38-E32F5E38472F}
		{A4FB29A6-A0A4-4722-AC8F-28580BF46146} = {06D5C4E8-2BB7-48A1-9A38-E32F5E38472F}
		{F0F0D077-B325-45D6-AF4F-DA8B6BE84F69} = {06D5C4E8-2BB7-48A1-9A38-E32F5E38472F}
		{624D92E3-0F7E-45F8-8AC5-906A79BB4FFC} = {06D5C4E8-2BB7-48A1-9A38-E32F5E38472F}
		{71000796-A096-4908-A29E-AA95F7E06C91} = {06D5C4E8-2BB7-48A1-9A38-E32F5E38472F}
		{A44D4843-B5B2-454E-8A48-D7498CA6734E} = {09503561-07C7-4979-B4E7-44788AFB12A9}
		{871C3DB8-39F4-46BD-9ADA-F224EC34D0A8} = {06D5C4E8-2BB7-48A1-9A38-E32F5E38472F}
		{2960C69F-C728-452D-A08F-42A7436567FE} = {06D5C4E8-2BB7-48A1-9A38-E32F5E38472F}
		{897C5FC6-9EF7-4EE9-BAF8-BDACA2827BC1} = {06D5C4E8-2BB7-48A1-9A38-E32F5E38472F}
		{D2E30CAB-C392-417F-B0D4-F85D31DAD622} = {06D5C4E8-2BB7-48A1-9A38-E32F5E38472F}
	EndGlobalSection
EndGlobal
