
Microsoft Visual Studio Solution File, Format Version 12.00
# Visual Studio 14
VisualStudioVersion = 14.0.25420.1
MinimumVisualStudioVersion = 10.0.40219.1
Project("{8BC9CEB8-8B4A-11D0-8D11-00A0C91BC942}") = "libmygui", "libmygui\libmygui.vcxproj", "{63687E47-3D89-4AE4-9105-350C030002DE}"
EndProject
Project("{8BC9CEB8-8B4A-11D0-8D11-00A0C91BC942}") = "libfreetype", "libfreetype\libfreetype.vcxproj", "{40019CFF-D32E-4BCF-9831-17F1F15690C5}"
EndProject
Project("{8BC9CEB8-8B4A-11D0-8D11-00A0C91BC942}") = "libzlib", "libzlib\libzlib.vcxproj", "{3EDA72B4-0BF1-4D04-ADE4-B6ED77CDB985}"
EndProject
Project("{8BC9CEB8-8B4A-11D0-8D11-00A0C91BC942}") = "libzzip", "libzzip\libzzip.vcxproj", "{3945184C-A503-4E4F-90DE-253059D999BB}"
EndProject
Project("{8BC9CEB8-8B4A-11D0-8D11-00A0C91BC942}") = "OgreMain", "OgreMain\OgreMain.vcxproj", "{66699801-139E-4874-A40F-82DF52A25CBF}"
	ProjectSection(ProjectDependencies) = postProject
		{7ED438CB-AD25-4E2F-AB18-7D2EA0B9BFA7} = {7ED438CB-AD25-4E2F-AB18-7D2EA0B9BFA7}
	EndProjectSection
EndProject
Project("{8BC9CEB8-8B4A-11D0-8D11-00A0C91BC942}") = "Plugin_BSPSceneManager", "Plugin_BSPSceneManager\Plugin_BSPSceneManager.vcxproj", "{0760CF9A-A355-4C30-8CD0-608E08A01C3B}"
	ProjectSection(ProjectDependencies) = postProject
		{66699801-139E-4874-A40F-82DF52A25CBF} = {66699801-139E-4874-A40F-82DF52A25CBF}
	EndProjectSection
EndProject
Project("{8BC9CEB8-8B4A-11D0-8D11-00A0C91BC942}") = "Plugin_DotScene", "Plugin_DotScene\Plugin_DotScene.vcxproj", "{D80F03B5-D770-4AD4-9BEF-EAA2483DACD9}"
	ProjectSection(ProjectDependencies) = postProject
		{66699801-139E-4874-A40F-82DF52A25CBF} = {66699801-139E-4874-A40F-82DF52A25CBF}
		{01A13408-DADF-45C7-83ED-76EAE9AC0B23} = {01A13408-DADF-45C7-83ED-76EAE9AC0B23}
		{F7250480-8ABD-48E4-A4F3-BF6222A89FA1} = {F7250480-8ABD-48E4-A4F3-BF6222A89FA1}
	EndProjectSection
EndProject
Project("{8BC9CEB8-8B4A-11D0-8D11-00A0C91BC942}") = "OgreRTShaderSystem", "OgreRTShaderSystem\OgreRTShaderSystem.vcxproj", "{FEEEB024-7F3D-447D-8F4E-1F762C691566}"
	ProjectSection(ProjectDependencies) = postProject
		{66699801-139E-4874-A40F-82DF52A25CBF} = {66699801-139E-4874-A40F-82DF52A25CBF}
	EndProjectSection
EndProject
Project("{8BC9CEB8-8B4A-11D0-8D11-00A0C91BC942}") = "OgrePaging", "OgrePaging\OgrePaging.vcxproj", "{C3E09B96-8A63-41C2-AAD3-94DD73804BB1}"
	ProjectSection(ProjectDependencies) = postProject
		{66699801-139E-4874-A40F-82DF52A25CBF} = {66699801-139E-4874-A40F-82DF52A25CBF}
	EndProjectSection
EndProject
Project("{8BC9CEB8-8B4A-11D0-8D11-00A0C91BC942}") = "OgreTerrain", "OgreTerrain\OgreTerrain.vcxproj", "{F7250480-8ABD-48E4-A4F3-BF6222A89FA1}"
	ProjectSection(ProjectDependencies) = postProject
		{66699801-139E-4874-A40F-82DF52A25CBF} = {66699801-139E-4874-A40F-82DF52A25CBF}
		{FEEEB024-7F3D-447D-8F4E-1F762C691566} = {FEEEB024-7F3D-447D-8F4E-1F762C691566}
		{C3E09B96-8A63-41C2-AAD3-94DD73804BB1} = {C3E09B96-8A63-41C2-AAD3-94DD73804BB1}
	EndProjectSection
EndProject
Project("{8BC9CEB8-8B4A-11D0-8D11-00A0C91BC942}") = "libpugixml", "libpugixml\libpugixml.vcxproj", "{01A13408-DADF-45C7-83ED-76EAE9AC0B23}"
EndProject
Project("{8BC9CEB8-8B4A-11D0-8D11-00A0C91BC942}") = "Plugin_OctreeSceneManager", "Plugin_OctreeSceneManager\Plugin_OctreeSceneManager.vcxproj", "{AD3D970E-2103-4669-A746-140500DC08CB}"
	ProjectSection(ProjectDependencies) = postProject
		{66699801-139E-4874-A40F-82DF52A25CBF} = {66699801-139E-4874-A40F-82DF52A25CBF}
	EndProjectSection
EndProject
Project("{8BC9CEB8-8B4A-11D0-8D11-00A0C91BC942}") = "Plugin_OctreeZone", "Plugin_OctreeZone\Plugin_OctreeZone.vcxproj", "{6213DB0E-A10E-45A3-AA7E-78FF123A71E7}"
	ProjectSection(ProjectDependencies) = postProject
		{9216BAB0-A6B9-4ECB-98B1-B70A96803A54} = {9216BAB0-A6B9-4ECB-98B1-B70A96803A54}
	EndProjectSection
EndProject
Project("{8BC9CEB8-8B4A-11D0-8D11-00A0C91BC942}") = "Plugin_PCZSceneManager", "Plugin_PCZSceneManager\Plugin_PCZSceneManager.vcxproj", "{9216BAB0-A6B9-4ECB-98B1-B70A96803A54}"
	ProjectSection(ProjectDependencies) = postProject
		{66699801-139E-4874-A40F-82DF52A25CBF} = {66699801-139E-4874-A40F-82DF52A25CBF}
	EndProjectSection
EndProject
Project("{8BC9CEB8-8B4A-11D0-8D11-00A0C91BC942}") = "Plugin_ParticleFX", "Plugin_ParticleFX\Plugin_ParticleFX.vcxproj", "{CE022B65-A0AD-4EC9-8523-D68EDDED8877}"
	ProjectSection(ProjectDependencies) = postProject
		{66699801-139E-4874-A40F-82DF52A25CBF} = {66699801-139E-4874-A40F-82DF52A25CBF}
	EndProjectSection
EndProject
Project("{8BC9CEB8-8B4A-11D0-8D11-00A0C91BC942}") = "OgreGLSupport", "OgreGLSupport\OgreGLSupport.vcxproj", "{07566592-DEA1-4827-BF9F-2497C67C7473}"
EndProject
Project("{8BC9CEB8-8B4A-11D0-8D11-00A0C91BC942}") = "Plugin_CgProgramManager", "Plugin_CgProgramManager\Plugin_CgProgramManager.vcxproj", "{1B1F810D-B279-4A40-9392-877A7727AA33}"
	ProjectSection(ProjectDependencies) = postProject
		{66699801-139E-4874-A40F-82DF52A25CBF} = {66699801-139E-4874-A40F-82DF52A25CBF}
	EndProjectSection
EndProject
Project("{8BC9CEB8-8B4A-11D0-8D11-00A0C91BC942}") = "RenderSystem_GL", "RenderSystem_GL\RenderSystem_GL.vcxproj", "{980CCCC2-7A07-4280-81EA-B40A7C8388E7}"
	ProjectSection(ProjectDependencies) = postProject
		{66699801-139E-4874-A40F-82DF52A25CBF} = {66699801-139E-4874-A40F-82DF52A25CBF}
		{07566592-DEA1-4827-BF9F-2497C67C7473} = {07566592-DEA1-4827-BF9F-2497C67C7473}
	EndProjectSection
EndProject
Project("{8BC9CEB8-8B4A-11D0-8D11-00A0C91BC942}") = "RenderSystem_GL3Plus", "RenderSystem_GL3Plus\RenderSystem_GL3Plus.vcxproj", "{EE4923E9-F2D3-4B99-9754-BD809ABBACA1}"
	ProjectSection(ProjectDependencies) = postProject
		{66699801-139E-4874-A40F-82DF52A25CBF} = {66699801-139E-4874-A40F-82DF52A25CBF}
		{07566592-DEA1-4827-BF9F-2497C67C7473} = {07566592-DEA1-4827-BF9F-2497C67C7473}
	EndProjectSection
EndProject
Project("{8BC9CEB8-8B4A-11D0-8D11-00A0C91BC942}") = "RenderSystem_GLES2", "RenderSystem_GLES2\RenderSystem_GLES2.vcxproj", "{488531B6-8217-4B4E-AC63-77BB75656ABB}"
	ProjectSection(ProjectDependencies) = postProject
		{66699801-139E-4874-A40F-82DF52A25CBF} = {66699801-139E-4874-A40F-82DF52A25CBF}
		{07566592-DEA1-4827-BF9F-2497C67C7473} = {07566592-DEA1-4827-BF9F-2497C67C7473}
	EndProjectSection
EndProject
Project("{8BC9CEB8-8B4A-11D0-8D11-00A0C91BC942}") = "RenderSystem_Direct3D9", "RenderSystem_Direct3D9\RenderSystem_Direct3D9.vcxproj", "{D6315638-F1FA-4882-A3F8-05105A299A6A}"
	ProjectSection(ProjectDependencies) = postProject
		{66699801-139E-4874-A40F-82DF52A25CBF} = {66699801-139E-4874-A40F-82DF52A25CBF}
	EndProjectSection
EndProject
Project("{8BC9CEB8-8B4A-11D0-8D11-00A0C91BC942}") = "RenderSystem_Direct3D11", "RenderSystem_Direct3D11\RenderSystem_Direct3D11.vcxproj", "{902B75AD-CF7C-4BEB-B7C5-7446AF0C47EF}"
	ProjectSection(ProjectDependencies) = postProject
		{66699801-139E-4874-A40F-82DF52A25CBF} = {66699801-139E-4874-A40F-82DF52A25CBF}
	EndProjectSection
EndProject
Project("{8BC9CEB8-8B4A-11D0-8D11-00A0C91BC942}") = "OgreOverlay", "OgreOverlay\OgreOverlay.vcxproj", "{DF7CB3AD-5B4D-495E-9A48-BE951CB0DD7A}"
EndProject
Project("{8BC9CEB8-8B4A-11D0-8D11-00A0C91BC942}") = "libimgui", "libimgui\libimgui.vcxproj", "{53A57D86-4585-468A-95FB-51B128C72F1F}"
EndProject
Project("{8BC9CEB8-8B4A-11D0-8D11-00A0C91BC942}") = "OgreProperty", "OgreProperty\OgreProperty.vcxproj", "{0838DE2E-924D-4FBC-AD43-099FD5EBBC71}"
EndProject
Project("{8BC9CEB8-8B4A-11D0-8D11-00A0C91BC942}") = "OgreVolume", "OgreVolume\OgreVolume.vcxproj", "{918A0C62-7C58-41AA-8EAA-527065EC0FD4}"
EndProject
Project("{8BC9CEB8-8B4A-11D0-8D11-00A0C91BC942}") = "OgreMeshLodGenerator", "OgreMeshLodGenerator\OgreMeshLodGenerator.vcxproj", "{4001A345-135B-4D1B-B0DC-30E5F957C29C}"
EndProject
Project("{8BC9CEB8-8B4A-11D0-8D11-00A0C91BC942}") = "OgreBites", "OgreBites\OgreBites.vcxproj", "{CE40156A-3BFE-4599-9B1D-CDE96835CCE5}"
	ProjectSection(ProjectDependencies) = postProject
		{66699801-139E-4874-A40F-82DF52A25CBF} = {66699801-139E-4874-A40F-82DF52A25CBF}
		{FEEEB024-7F3D-447D-8F4E-1F762C691566} = {FEEEB024-7F3D-447D-8F4E-1F762C691566}
		{DF7CB3AD-5B4D-495E-9A48-BE951CB0DD7A} = {DF7CB3AD-5B4D-495E-9A48-BE951CB0DD7A}
		{AC35D4B2-8AFD-4C45-AFF7-423BD2EF6107} = {AC35D4B2-8AFD-4C45-AFF7-423BD2EF6107}
	EndProjectSection
EndProject
Project("{8BC9CEB8-8B4A-11D0-8D11-00A0C91BC942}") = "SDL2", "SDL2\SDL2.vcxproj", "{AC35D4B2-8AFD-4C45-AFF7-423BD2EF6107}"
EndProject
Project("{8BC9CEB8-8B4A-11D0-8D11-00A0C91BC942}") = "OgreBullet", "OgreBullet\OgreBullet.vcxproj", "{658C28D0-F5AC-4287-A5E5-9792B1D2367E}"
	ProjectSection(ProjectDependencies) = postProject
		{66699801-139E-4874-A40F-82DF52A25CBF} = {66699801-139E-4874-A40F-82DF52A25CBF}
		{D89051CF-A9FA-4FDD-9957-C163AA695306} = {D89051CF-A9FA-4FDD-9957-C163AA695306}
	EndProjectSection
EndProject
Project("{8BC9CEB8-8B4A-11D0-8D11-00A0C91BC942}") = "libbullet", "libbullet\libbullet.vcxproj", "{D89051CF-A9FA-4FDD-9957-C163AA695306}"
EndProject
Project("{8BC9CEB8-8B4A-11D0-8D11-00A0C91BC942}") = "Codec_STBI", "Codec_STBI\Codec_STBI.vcxproj", "{87CE564F-8406-448A-B1FE-5A4F2C72E50D}"
	ProjectSection(ProjectDependencies) = postProject
		{66699801-139E-4874-A40F-82DF52A25CBF} = {66699801-139E-4874-A40F-82DF52A25CBF}
		{3EDA72B4-0BF1-4D04-ADE4-B6ED77CDB985} = {3EDA72B4-0BF1-4D04-ADE4-B6ED77CDB985}
	EndProjectSection
EndProject
Project("{8BC9CEB8-8B4A-11D0-8D11-00A0C91BC942}") = "SampleBrowser", "SampleBrowser\SampleBrowser.vcxproj", "{E0E90E02-BEBE-43D9-8195-6D7C30C0CC75}"
EndProject
Project("{8BC9CEB8-8B4A-11D0-8D11-00A0C91BC942}") = "Codec_Assimp", "Codec_Assimp\Codec_Assimp.vcxproj", "{FC1C8D03-7A1E-4FD8-822B-F1ED453444BD}"
	ProjectSection(ProjectDependencies) = postProject
		{66699801-139E-4874-A40F-82DF52A25CBF} = {66699801-139E-4874-A40F-82DF52A25CBF}
		{FEEEB024-7F3D-447D-8F4E-1F762C691566} = {FEEEB024-7F3D-447D-8F4E-1F762C691566}
		{3EDA72B4-0BF1-4D04-ADE4-B6ED77CDB985} = {3EDA72B4-0BF1-4D04-ADE4-B6ED77CDB985}
		{5B6070E9-F688-4BA9-A26B-7B2997D67DFA} = {5B6070E9-F688-4BA9-A26B-7B2997D67DFA}
	EndProjectSection
EndProject
Project("{8BC9CEB8-8B4A-11D0-8D11-00A0C91BC942}") = "libassimp", "libassimp\libassimp.vcxproj", "{5B6070E9-F688-4BA9-A26B-7B2997D67DFA}"
EndProject
Project("{8BC9CEB8-8B4A-11D0-8D11-00A0C91BC942}") = "libzip", "libzip\libzip.vcxproj", "{7ED438CB-AD25-4E2F-AB18-7D2EA0B9BFA7}"
EndProject
Project("{8BC9CEB8-8B4A-11D0-8D11-00A0C91BC942}") = "DefaultSamples", "DefaultSamples\DefaultSamples.vcxproj", "{A0DDD626-CAC6-4B5F-B588-2976FF1CDDC5}"
EndProject
Global
	GlobalSection(SolutionConfigurationPlatforms) = preSolution
		Debug|x64 = Debug|x64
		Debug|x86 = Debug|x86
		Release|x64 = Release|x64
		Release|x86 = Release|x86
	EndGlobalSection
	GlobalSection(ProjectConfigurationPlatforms) = postSolution
		{63687E47-3D89-4AE4-9105-350C030002DE}.Debug|x64.ActiveCfg = Debug|x64
		{63687E47-3D89-4AE4-9105-350C030002DE}.Debug|x64.Build.0 = Debug|x64
		{63687E47-3D89-4AE4-9105-350C030002DE}.Debug|x86.ActiveCfg = Debug|Win32
		{63687E47-3D89-4AE4-9105-350C030002DE}.Debug|x86.Build.0 = Debug|Win32
		{63687E47-3D89-4AE4-9105-350C030002DE}.Release|x64.ActiveCfg = Release|x64
		{63687E47-3D89-4AE4-9105-350C030002DE}.Release|x64.Build.0 = Release|x64
		{63687E47-3D89-4AE4-9105-350C030002DE}.Release|x86.ActiveCfg = Release|Win32
		{63687E47-3D89-4AE4-9105-350C030002DE}.Release|x86.Build.0 = Release|Win32
		{40019CFF-D32E-4BCF-9831-17F1F15690C5}.Debug|x64.ActiveCfg = Debug|x64
		{40019CFF-D32E-4BCF-9831-17F1F15690C5}.Debug|x64.Build.0 = Debug|x64
		{40019CFF-D32E-4BCF-9831-17F1F15690C5}.Debug|x86.ActiveCfg = Debug|Win32
		{40019CFF-D32E-4BCF-9831-17F1F15690C5}.Debug|x86.Build.0 = Debug|Win32
		{40019CFF-D32E-4BCF-9831-17F1F15690C5}.Release|x64.ActiveCfg = Release|x64
		{40019CFF-D32E-4BCF-9831-17F1F15690C5}.Release|x64.Build.0 = Release|x64
		{40019CFF-D32E-4BCF-9831-17F1F15690C5}.Release|x86.ActiveCfg = Release|Win32
		{40019CFF-D32E-4BCF-9831-17F1F15690C5}.Release|x86.Build.0 = Release|Win32
		{3EDA72B4-0BF1-4D04-ADE4-B6ED77CDB985}.Debug|x64.ActiveCfg = Debug|x64
		{3EDA72B4-0BF1-4D04-ADE4-B6ED77CDB985}.Debug|x64.Build.0 = Debug|x64
		{3EDA72B4-0BF1-4D04-ADE4-B6ED77CDB985}.Debug|x86.ActiveCfg = Debug|Win32
		{3EDA72B4-0BF1-4D04-ADE4-B6ED77CDB985}.Debug|x86.Build.0 = Debug|Win32
		{3EDA72B4-0BF1-4D04-ADE4-B6ED77CDB985}.Release|x64.ActiveCfg = Release|x64
		{3EDA72B4-0BF1-4D04-ADE4-B6ED77CDB985}.Release|x64.Build.0 = Release|x64
		{3EDA72B4-0BF1-4D04-ADE4-B6ED77CDB985}.Release|x86.ActiveCfg = Release|Win32
		{3EDA72B4-0BF1-4D04-ADE4-B6ED77CDB985}.Release|x86.Build.0 = Release|Win32
		{3945184C-A503-4E4F-90DE-253059D999BB}.Debug|x64.ActiveCfg = Debug|x64
		{3945184C-A503-4E4F-90DE-253059D999BB}.Debug|x64.Build.0 = Debug|x64
		{3945184C-A503-4E4F-90DE-253059D999BB}.Debug|x86.ActiveCfg = Debug|Win32
		{3945184C-A503-4E4F-90DE-253059D999BB}.Debug|x86.Build.0 = Debug|Win32
		{3945184C-A503-4E4F-90DE-253059D999BB}.Release|x64.ActiveCfg = Release|x64
		{3945184C-A503-4E4F-90DE-253059D999BB}.Release|x64.Build.0 = Release|x64
		{3945184C-A503-4E4F-90DE-253059D999BB}.Release|x86.ActiveCfg = Release|Win32
		{3945184C-A503-4E4F-90DE-253059D999BB}.Release|x86.Build.0 = Release|Win32
		{66699801-139E-4874-A40F-82DF52A25CBF}.Debug|x64.ActiveCfg = Debug|x64
		{66699801-139E-4874-A40F-82DF52A25CBF}.Debug|x64.Build.0 = Debug|x64
		{66699801-139E-4874-A40F-82DF52A25CBF}.Debug|x86.ActiveCfg = Debug|Win32
		{66699801-139E-4874-A40F-82DF52A25CBF}.Debug|x86.Build.0 = Debug|Win32
		{66699801-139E-4874-A40F-82DF52A25CBF}.Release|x64.ActiveCfg = Release|x64
		{66699801-139E-4874-A40F-82DF52A25CBF}.Release|x64.Build.0 = Release|x64
		{66699801-139E-4874-A40F-82DF52A25CBF}.Release|x86.ActiveCfg = Release|Win32
		{66699801-139E-4874-A40F-82DF52A25CBF}.Release|x86.Build.0 = Release|Win32
		{0760CF9A-A355-4C30-8CD0-608E08A01C3B}.Debug|x64.ActiveCfg = Debug|x64
		{0760CF9A-A355-4C30-8CD0-608E08A01C3B}.Debug|x64.Build.0 = Debug|x64
		{0760CF9A-A355-4C30-8CD0-608E08A01C3B}.Debug|x86.ActiveCfg = Debug|Win32
		{0760CF9A-A355-4C30-8CD0-608E08A01C3B}.Debug|x86.Build.0 = Debug|Win32
		{0760CF9A-A355-4C30-8CD0-608E08A01C3B}.Release|x64.ActiveCfg = Release|x64
		{0760CF9A-A355-4C30-8CD0-608E08A01C3B}.Release|x64.Build.0 = Release|x64
		{0760CF9A-A355-4C30-8CD0-608E08A01C3B}.Release|x86.ActiveCfg = Release|Win32
		{0760CF9A-A355-4C30-8CD0-608E08A01C3B}.Release|x86.Build.0 = Release|Win32
		{D80F03B5-D770-4AD4-9BEF-EAA2483DACD9}.Debug|x64.ActiveCfg = Debug|x64
		{D80F03B5-D770-4AD4-9BEF-EAA2483DACD9}.Debug|x64.Build.0 = Debug|x64
		{D80F03B5-D770-4AD4-9BEF-EAA2483DACD9}.Debug|x86.ActiveCfg = Debug|Win32
		{D80F03B5-D770-4AD4-9BEF-EAA2483DACD9}.Debug|x86.Build.0 = Debug|Win32
		{D80F03B5-D770-4AD4-9BEF-EAA2483DACD9}.Release|x64.ActiveCfg = Release|x64
		{D80F03B5-D770-4AD4-9BEF-EAA2483DACD9}.Release|x64.Build.0 = Release|x64
		{D80F03B5-D770-4AD4-9BEF-EAA2483DACD9}.Release|x86.ActiveCfg = Release|Win32
		{D80F03B5-D770-4AD4-9BEF-EAA2483DACD9}.Release|x86.Build.0 = Release|Win32
		{FEEEB024-7F3D-447D-8F4E-1F762C691566}.Debug|x64.ActiveCfg = Debug|x64
		{FEEEB024-7F3D-447D-8F4E-1F762C691566}.Debug|x64.Build.0 = Debug|x64
		{FEEEB024-7F3D-447D-8F4E-1F762C691566}.Debug|x86.ActiveCfg = Debug|Win32
		{FEEEB024-7F3D-447D-8F4E-1F762C691566}.Debug|x86.Build.0 = Debug|Win32
		{FEEEB024-7F3D-447D-8F4E-1F762C691566}.Release|x64.ActiveCfg = Release|x64
		{FEEEB024-7F3D-447D-8F4E-1F762C691566}.Release|x64.Build.0 = Release|x64
		{FEEEB024-7F3D-447D-8F4E-1F762C691566}.Release|x86.ActiveCfg = Release|Win32
		{FEEEB024-7F3D-447D-8F4E-1F762C691566}.Release|x86.Build.0 = Release|Win32
		{C3E09B96-8A63-41C2-AAD3-94DD73804BB1}.Debug|x64.ActiveCfg = Debug|x64
		{C3E09B96-8A63-41C2-AAD3-94DD73804BB1}.Debug|x64.Build.0 = Debug|x64
		{C3E09B96-8A63-41C2-AAD3-94DD73804BB1}.Debug|x86.ActiveCfg = Debug|Win32
		{C3E09B96-8A63-41C2-AAD3-94DD73804BB1}.Debug|x86.Build.0 = Debug|Win32
		{C3E09B96-8A63-41C2-AAD3-94DD73804BB1}.Release|x64.ActiveCfg = Release|x64
		{C3E09B96-8A63-41C2-AAD3-94DD73804BB1}.Release|x64.Build.0 = Release|x64
		{C3E09B96-8A63-41C2-AAD3-94DD73804BB1}.Release|x86.ActiveCfg = Release|Win32
		{C3E09B96-8A63-41C2-AAD3-94DD73804BB1}.Release|x86.Build.0 = Release|Win32
		{F7250480-8ABD-48E4-A4F3-BF6222A89FA1}.Debug|x64.ActiveCfg = Debug|x64
		{F7250480-8ABD-48E4-A4F3-BF6222A89FA1}.Debug|x64.Build.0 = Debug|x64
		{F7250480-8ABD-48E4-A4F3-BF6222A89FA1}.Debug|x86.ActiveCfg = Debug|Win32
		{F7250480-8ABD-48E4-A4F3-BF6222A89FA1}.Debug|x86.Build.0 = Debug|Win32
		{F7250480-8ABD-48E4-A4F3-BF6222A89FA1}.Release|x64.ActiveCfg = Release|x64
		{F7250480-8ABD-48E4-A4F3-BF6222A89FA1}.Release|x64.Build.0 = Release|x64
		{F7250480-8ABD-48E4-A4F3-BF6222A89FA1}.Release|x86.ActiveCfg = Release|Win32
		{F7250480-8ABD-48E4-A4F3-BF6222A89FA1}.Release|x86.Build.0 = Release|Win32
		{01A13408-DADF-45C7-83ED-76EAE9AC0B23}.Debug|x64.ActiveCfg = Debug|x64
		{01A13408-DADF-45C7-83ED-76EAE9AC0B23}.Debug|x64.Build.0 = Debug|x64
		{01A13408-DADF-45C7-83ED-76EAE9AC0B23}.Debug|x86.ActiveCfg = Debug|Win32
		{01A13408-DADF-45C7-83ED-76EAE9AC0B23}.Debug|x86.Build.0 = Debug|Win32
		{01A13408-DADF-45C7-83ED-76EAE9AC0B23}.Release|x64.ActiveCfg = Release|x64
		{01A13408-DADF-45C7-83ED-76EAE9AC0B23}.Release|x64.Build.0 = Release|x64
		{01A13408-DADF-45C7-83ED-76EAE9AC0B23}.Release|x86.ActiveCfg = Release|Win32
		{01A13408-DADF-45C7-83ED-76EAE9AC0B23}.Release|x86.Build.0 = Release|Win32
		{AD3D970E-2103-4669-A746-140500DC08CB}.Debug|x64.ActiveCfg = Debug|x64
		{AD3D970E-2103-4669-A746-140500DC08CB}.Debug|x64.Build.0 = Debug|x64
		{AD3D970E-2103-4669-A746-140500DC08CB}.Debug|x86.ActiveCfg = Debug|Win32
		{AD3D970E-2103-4669-A746-140500DC08CB}.Debug|x86.Build.0 = Debug|Win32
		{AD3D970E-2103-4669-A746-140500DC08CB}.Release|x64.ActiveCfg = Release|x64
		{AD3D970E-2103-4669-A746-140500DC08CB}.Release|x64.Build.0 = Release|x64
		{AD3D970E-2103-4669-A746-140500DC08CB}.Release|x86.ActiveCfg = Release|Win32
		{AD3D970E-2103-4669-A746-140500DC08CB}.Release|x86.Build.0 = Release|Win32
		{6213DB0E-A10E-45A3-AA7E-78FF123A71E7}.Debug|x64.ActiveCfg = Debug|x64
		{6213DB0E-A10E-45A3-AA7E-78FF123A71E7}.Debug|x64.Build.0 = Debug|x64
		{6213DB0E-A10E-45A3-AA7E-78FF123A71E7}.Debug|x86.ActiveCfg = Debug|Win32
		{6213DB0E-A10E-45A3-AA7E-78FF123A71E7}.Debug|x86.Build.0 = Debug|Win32
		{6213DB0E-A10E-45A3-AA7E-78FF123A71E7}.Release|x64.ActiveCfg = Release|x64
		{6213DB0E-A10E-45A3-AA7E-78FF123A71E7}.Release|x64.Build.0 = Release|x64
		{6213DB0E-A10E-45A3-AA7E-78FF123A71E7}.Release|x86.ActiveCfg = Release|Win32
		{6213DB0E-A10E-45A3-AA7E-78FF123A71E7}.Release|x86.Build.0 = Release|Win32
		{9216BAB0-A6B9-4ECB-98B1-B70A96803A54}.Debug|x64.ActiveCfg = Debug|x64
		{9216BAB0-A6B9-4ECB-98B1-B70A96803A54}.Debug|x64.Build.0 = Debug|x64
		{9216BAB0-A6B9-4ECB-98B1-B70A96803A54}.Debug|x86.ActiveCfg = Debug|Win32
		{9216BAB0-A6B9-4ECB-98B1-B70A96803A54}.Debug|x86.Build.0 = Debug|Win32
		{9216BAB0-A6B9-4ECB-98B1-B70A96803A54}.Release|x64.ActiveCfg = Release|x64
		{9216BAB0-A6B9-4ECB-98B1-B70A96803A54}.Release|x64.Build.0 = Release|x64
		{9216BAB0-A6B9-4ECB-98B1-B70A96803A54}.Release|x86.ActiveCfg = Release|Win32
		{9216BAB0-A6B9-4ECB-98B1-B70A96803A54}.Release|x86.Build.0 = Release|Win32
		{CE022B65-A0AD-4EC9-8523-D68EDDED8877}.Debug|x64.ActiveCfg = Debug|x64
		{CE022B65-A0AD-4EC9-8523-D68EDDED8877}.Debug|x64.Build.0 = Debug|x64
		{CE022B65-A0AD-4EC9-8523-D68EDDED8877}.Debug|x86.ActiveCfg = Debug|Win32
		{CE022B65-A0AD-4EC9-8523-D68EDDED8877}.Debug|x86.Build.0 = Debug|Win32
		{CE022B65-A0AD-4EC9-8523-D68EDDED8877}.Release|x64.ActiveCfg = Release|x64
		{CE022B65-A0AD-4EC9-8523-D68EDDED8877}.Release|x64.Build.0 = Release|x64
		{CE022B65-A0AD-4EC9-8523-D68EDDED8877}.Release|x86.ActiveCfg = Release|Win32
		{CE022B65-A0AD-4EC9-8523-D68EDDED8877}.Release|x86.Build.0 = Release|Win32
		{07566592-DEA1-4827-BF9F-2497C67C7473}.Debug|x64.ActiveCfg = Debug|x64
		{07566592-DEA1-4827-BF9F-2497C67C7473}.Debug|x64.Build.0 = Debug|x64
		{07566592-DEA1-4827-BF9F-2497C67C7473}.Debug|x86.ActiveCfg = Debug|Win32
		{07566592-DEA1-4827-BF9F-2497C67C7473}.Debug|x86.Build.0 = Debug|Win32
		{07566592-DEA1-4827-BF9F-2497C67C7473}.Release|x64.ActiveCfg = Release|x64
		{07566592-DEA1-4827-BF9F-2497C67C7473}.Release|x64.Build.0 = Release|x64
		{07566592-DEA1-4827-BF9F-2497C67C7473}.Release|x86.ActiveCfg = Release|Win32
		{07566592-DEA1-4827-BF9F-2497C67C7473}.Release|x86.Build.0 = Release|Win32
		{1B1F810D-B279-4A40-9392-877A7727AA33}.Debug|x64.ActiveCfg = Debug|x64
		{1B1F810D-B279-4A40-9392-877A7727AA33}.Debug|x64.Build.0 = Debug|x64
		{1B1F810D-B279-4A40-9392-877A7727AA33}.Debug|x86.ActiveCfg = Debug|Win32
		{1B1F810D-B279-4A40-9392-877A7727AA33}.Debug|x86.Build.0 = Debug|Win32
		{1B1F810D-B279-4A40-9392-877A7727AA33}.Release|x64.ActiveCfg = Release|x64
		{1B1F810D-B279-4A40-9392-877A7727AA33}.Release|x64.Build.0 = Release|x64
		{1B1F810D-B279-4A40-9392-877A7727AA33}.Release|x86.ActiveCfg = Release|Win32
		{1B1F810D-B279-4A40-9392-877A7727AA33}.Release|x86.Build.0 = Release|Win32
		{980CCCC2-7A07-4280-81EA-B40A7C8388E7}.Debug|x64.ActiveCfg = Debug|x64
		{980CCCC2-7A07-4280-81EA-B40A7C8388E7}.Debug|x64.Build.0 = Debug|x64
		{980CCCC2-7A07-4280-81EA-B40A7C8388E7}.Debug|x86.ActiveCfg = Debug|Win32
		{980CCCC2-7A07-4280-81EA-B40A7C8388E7}.Debug|x86.Build.0 = Debug|Win32
		{980CCCC2-7A07-4280-81EA-B40A7C8388E7}.Release|x64.ActiveCfg = Release|x64
		{980CCCC2-7A07-4280-81EA-B40A7C8388E7}.Release|x64.Build.0 = Release|x64
		{980CCCC2-7A07-4280-81EA-B40A7C8388E7}.Release|x86.ActiveCfg = Release|Win32
		{980CCCC2-7A07-4280-81EA-B40A7C8388E7}.Release|x86.Build.0 = Release|Win32
		{EE4923E9-F2D3-4B99-9754-BD809ABBACA1}.Debug|x64.ActiveCfg = Debug|x64
		{EE4923E9-F2D3-4B99-9754-BD809ABBACA1}.Debug|x64.Build.0 = Debug|x64
		{EE4923E9-F2D3-4B99-9754-BD809ABBACA1}.Debug|x86.ActiveCfg = Debug|Win32
		{EE4923E9-F2D3-4B99-9754-BD809ABBACA1}.Debug|x86.Build.0 = Debug|Win32
		{EE4923E9-F2D3-4B99-9754-BD809ABBACA1}.Release|x64.ActiveCfg = Release|x64
		{EE4923E9-F2D3-4B99-9754-BD809ABBACA1}.Release|x64.Build.0 = Release|x64
		{EE4923E9-F2D3-4B99-9754-BD809ABBACA1}.Release|x86.ActiveCfg = Release|Win32
		{EE4923E9-F2D3-4B99-9754-BD809ABBACA1}.Release|x86.Build.0 = Release|Win32
		{488531B6-8217-4B4E-AC63-77BB75656ABB}.Debug|x64.ActiveCfg = Debug|x64
		{488531B6-8217-4B4E-AC63-77BB75656ABB}.Debug|x64.Build.0 = Debug|x64
		{488531B6-8217-4B4E-AC63-77BB75656ABB}.Debug|x86.ActiveCfg = Debug|Win32
		{488531B6-8217-4B4E-AC63-77BB75656ABB}.Debug|x86.Build.0 = Debug|Win32
		{488531B6-8217-4B4E-AC63-77BB75656ABB}.Release|x64.ActiveCfg = Release|x64
		{488531B6-8217-4B4E-AC63-77BB75656ABB}.Release|x64.Build.0 = Release|x64
		{488531B6-8217-4B4E-AC63-77BB75656ABB}.Release|x86.ActiveCfg = Release|Win32
		{488531B6-8217-4B4E-AC63-77BB75656ABB}.Release|x86.Build.0 = Release|Win32
		{D6315638-F1FA-4882-A3F8-05105A299A6A}.Debug|x64.ActiveCfg = Debug|x64
		{D6315638-F1FA-4882-A3F8-05105A299A6A}.Debug|x64.Build.0 = Debug|x64
		{D6315638-F1FA-4882-A3F8-05105A299A6A}.Debug|x86.ActiveCfg = Debug|Win32
		{D6315638-F1FA-4882-A3F8-05105A299A6A}.Debug|x86.Build.0 = Debug|Win32
		{D6315638-F1FA-4882-A3F8-05105A299A6A}.Release|x64.ActiveCfg = Release|x64
		{D6315638-F1FA-4882-A3F8-05105A299A6A}.Release|x64.Build.0 = Release|x64
		{D6315638-F1FA-4882-A3F8-05105A299A6A}.Release|x86.ActiveCfg = Release|Win32
		{D6315638-F1FA-4882-A3F8-05105A299A6A}.Release|x86.Build.0 = Release|Win32
		{902B75AD-CF7C-4BEB-B7C5-7446AF0C47EF}.Debug|x64.ActiveCfg = Debug|x64
		{902B75AD-CF7C-4BEB-B7C5-7446AF0C47EF}.Debug|x64.Build.0 = Debug|x64
		{902B75AD-CF7C-4BEB-B7C5-7446AF0C47EF}.Debug|x86.ActiveCfg = Debug|Win32
		{902B75AD-CF7C-4BEB-B7C5-7446AF0C47EF}.Debug|x86.Build.0 = Debug|Win32
		{902B75AD-CF7C-4BEB-B7C5-7446AF0C47EF}.Release|x64.ActiveCfg = Release|x64
		{902B75AD-CF7C-4BEB-B7C5-7446AF0C47EF}.Release|x64.Build.0 = Release|x64
		{902B75AD-CF7C-4BEB-B7C5-7446AF0C47EF}.Release|x86.ActiveCfg = Release|Win32
		{902B75AD-CF7C-4BEB-B7C5-7446AF0C47EF}.Release|x86.Build.0 = Release|Win32
		{DF7CB3AD-5B4D-495E-9A48-BE951CB0DD7A}.Debug|x64.ActiveCfg = Debug|x64
		{DF7CB3AD-5B4D-495E-9A48-BE951CB0DD7A}.Debug|x64.Build.0 = Debug|x64
		{DF7CB3AD-5B4D-495E-9A48-BE951CB0DD7A}.Debug|x86.ActiveCfg = Debug|Win32
		{DF7CB3AD-5B4D-495E-9A48-BE951CB0DD7A}.Debug|x86.Build.0 = Debug|Win32
		{DF7CB3AD-5B4D-495E-9A48-BE951CB0DD7A}.Release|x64.ActiveCfg = Release|x64
		{DF7CB3AD-5B4D-495E-9A48-BE951CB0DD7A}.Release|x64.Build.0 = Release|x64
		{DF7CB3AD-5B4D-495E-9A48-BE951CB0DD7A}.Release|x86.ActiveCfg = Release|Win32
		{DF7CB3AD-5B4D-495E-9A48-BE951CB0DD7A}.Release|x86.Build.0 = Release|Win32
		{53A57D86-4585-468A-95FB-51B128C72F1F}.Debug|x64.ActiveCfg = Debug|x64
		{53A57D86-4585-468A-95FB-51B128C72F1F}.Debug|x64.Build.0 = Debug|x64
		{53A57D86-4585-468A-95FB-51B128C72F1F}.Debug|x86.ActiveCfg = Debug|Win32
		{53A57D86-4585-468A-95FB-51B128C72F1F}.Debug|x86.Build.0 = Debug|Win32
		{53A57D86-4585-468A-95FB-51B128C72F1F}.Release|x64.ActiveCfg = Release|x64
		{53A57D86-4585-468A-95FB-51B128C72F1F}.Release|x64.Build.0 = Release|x64
		{53A57D86-4585-468A-95FB-51B128C72F1F}.Release|x86.ActiveCfg = Release|Win32
		{53A57D86-4585-468A-95FB-51B128C72F1F}.Release|x86.Build.0 = Release|Win32
		{0838DE2E-924D-4FBC-AD43-099FD5EBBC71}.Debug|x64.ActiveCfg = Debug|x64
		{0838DE2E-924D-4FBC-AD43-099FD5EBBC71}.Debug|x64.Build.0 = Debug|x64
		{0838DE2E-924D-4FBC-AD43-099FD5EBBC71}.Debug|x86.ActiveCfg = Debug|Win32
		{0838DE2E-924D-4FBC-AD43-099FD5EBBC71}.Debug|x86.Build.0 = Debug|Win32
		{0838DE2E-924D-4FBC-AD43-099FD5EBBC71}.Release|x64.ActiveCfg = Release|x64
		{0838DE2E-924D-4FBC-AD43-099FD5EBBC71}.Release|x64.Build.0 = Release|x64
		{0838DE2E-924D-4FBC-AD43-099FD5EBBC71}.Release|x86.ActiveCfg = Release|Win32
		{0838DE2E-924D-4FBC-AD43-099FD5EBBC71}.Release|x86.Build.0 = Release|Win32
		{918A0C62-7C58-41AA-8EAA-527065EC0FD4}.Debug|x64.ActiveCfg = Debug|x64
		{918A0C62-7C58-41AA-8EAA-527065EC0FD4}.Debug|x64.Build.0 = Debug|x64
		{918A0C62-7C58-41AA-8EAA-527065EC0FD4}.Debug|x86.ActiveCfg = Debug|Win32
		{918A0C62-7C58-41AA-8EAA-527065EC0FD4}.Debug|x86.Build.0 = Debug|Win32
		{918A0C62-7C58-41AA-8EAA-527065EC0FD4}.Release|x64.ActiveCfg = Release|x64
		{918A0C62-7C58-41AA-8EAA-527065EC0FD4}.Release|x64.Build.0 = Release|x64
		{918A0C62-7C58-41AA-8EAA-527065EC0FD4}.Release|x86.ActiveCfg = Release|Win32
		{918A0C62-7C58-41AA-8EAA-527065EC0FD4}.Release|x86.Build.0 = Release|Win32
		{4001A345-135B-4D1B-B0DC-30E5F957C29C}.Debug|x64.ActiveCfg = Debug|x64
		{4001A345-135B-4D1B-B0DC-30E5F957C29C}.Debug|x64.Build.0 = Debug|x64
		{4001A345-135B-4D1B-B0DC-30E5F957C29C}.Debug|x86.ActiveCfg = Debug|Win32
		{4001A345-135B-4D1B-B0DC-30E5F957C29C}.Debug|x86.Build.0 = Debug|Win32
		{4001A345-135B-4D1B-B0DC-30E5F957C29C}.Release|x64.ActiveCfg = Release|x64
		{4001A345-135B-4D1B-B0DC-30E5F957C29C}.Release|x64.Build.0 = Release|x64
		{4001A345-135B-4D1B-B0DC-30E5F957C29C}.Release|x86.ActiveCfg = Release|Win32
		{4001A345-135B-4D1B-B0DC-30E5F957C29C}.Release|x86.Build.0 = Release|Win32
		{CE40156A-3BFE-4599-9B1D-CDE96835CCE5}.Debug|x64.ActiveCfg = Debug|x64
		{CE40156A-3BFE-4599-9B1D-CDE96835CCE5}.Debug|x64.Build.0 = Debug|x64
		{CE40156A-3BFE-4599-9B1D-CDE96835CCE5}.Debug|x86.ActiveCfg = Debug|Win32
		{CE40156A-3BFE-4599-9B1D-CDE96835CCE5}.Debug|x86.Build.0 = Debug|Win32
		{CE40156A-3BFE-4599-9B1D-CDE96835CCE5}.Release|x64.ActiveCfg = Release|x64
		{CE40156A-3BFE-4599-9B1D-CDE96835CCE5}.Release|x64.Build.0 = Release|x64
		{CE40156A-3BFE-4599-9B1D-CDE96835CCE5}.Release|x86.ActiveCfg = Release|Win32
		{CE40156A-3BFE-4599-9B1D-CDE96835CCE5}.Release|x86.Build.0 = Release|Win32
		{AC35D4B2-8AFD-4C45-AFF7-423BD2EF6107}.Debug|x64.ActiveCfg = Debug|x64
		{AC35D4B2-8AFD-4C45-AFF7-423BD2EF6107}.Debug|x64.Build.0 = Debug|x64
		{AC35D4B2-8AFD-4C45-AFF7-423BD2EF6107}.Debug|x86.ActiveCfg = Debug|Win32
		{AC35D4B2-8AFD-4C45-AFF7-423BD2EF6107}.Debug|x86.Build.0 = Debug|Win32
		{AC35D4B2-8AFD-4C45-AFF7-423BD2EF6107}.Release|x64.ActiveCfg = Release|x64
		{AC35D4B2-8AFD-4C45-AFF7-423BD2EF6107}.Release|x64.Build.0 = Release|x64
		{AC35D4B2-8AFD-4C45-AFF7-423BD2EF6107}.Release|x86.ActiveCfg = Release|Win32
		{AC35D4B2-8AFD-4C45-AFF7-423BD2EF6107}.Release|x86.Build.0 = Release|Win32
		{658C28D0-F5AC-4287-A5E5-9792B1D2367E}.Debug|x64.ActiveCfg = Debug|x64
		{658C28D0-F5AC-4287-A5E5-9792B1D2367E}.Debug|x64.Build.0 = Debug|x64
		{658C28D0-F5AC-4287-A5E5-9792B1D2367E}.Debug|x86.ActiveCfg = Debug|Win32
		{658C28D0-F5AC-4287-A5E5-9792B1D2367E}.Debug|x86.Build.0 = Debug|Win32
		{658C28D0-F5AC-4287-A5E5-9792B1D2367E}.Release|x64.ActiveCfg = Release|x64
		{658C28D0-F5AC-4287-A5E5-9792B1D2367E}.Release|x64.Build.0 = Release|x64
		{658C28D0-F5AC-4287-A5E5-9792B1D2367E}.Release|x86.ActiveCfg = Release|Win32
		{658C28D0-F5AC-4287-A5E5-9792B1D2367E}.Release|x86.Build.0 = Release|Win32
		{D89051CF-A9FA-4FDD-9957-C163AA695306}.Debug|x64.ActiveCfg = Debug|x64
		{D89051CF-A9FA-4FDD-9957-C163AA695306}.Debug|x64.Build.0 = Debug|x64
		{D89051CF-A9FA-4FDD-9957-C163AA695306}.Debug|x86.ActiveCfg = Debug|Win32
		{D89051CF-A9FA-4FDD-9957-C163AA695306}.Debug|x86.Build.0 = Debug|Win32
		{D89051CF-A9FA-4FDD-9957-C163AA695306}.Release|x64.ActiveCfg = Release|x64
		{D89051CF-A9FA-4FDD-9957-C163AA695306}.Release|x64.Build.0 = Release|x64
		{D89051CF-A9FA-4FDD-9957-C163AA695306}.Release|x86.ActiveCfg = Release|Win32
		{D89051CF-A9FA-4FDD-9957-C163AA695306}.Release|x86.Build.0 = Release|Win32
		{87CE564F-8406-448A-B1FE-5A4F2C72E50D}.Debug|x64.ActiveCfg = Debug|x64
		{87CE564F-8406-448A-B1FE-5A4F2C72E50D}.Debug|x64.Build.0 = Debug|x64
		{87CE564F-8406-448A-B1FE-5A4F2C72E50D}.Debug|x86.ActiveCfg = Debug|Win32
		{87CE564F-8406-448A-B1FE-5A4F2C72E50D}.Debug|x86.Build.0 = Debug|Win32
		{87CE564F-8406-448A-B1FE-5A4F2C72E50D}.Release|x64.ActiveCfg = Release|x64
		{87CE564F-8406-448A-B1FE-5A4F2C72E50D}.Release|x64.Build.0 = Release|x64
		{87CE564F-8406-448A-B1FE-5A4F2C72E50D}.Release|x86.ActiveCfg = Release|Win32
		{87CE564F-8406-448A-B1FE-5A4F2C72E50D}.Release|x86.Build.0 = Release|Win32
		{E0E90E02-BEBE-43D9-8195-6D7C30C0CC75}.Debug|x64.ActiveCfg = Debug|x64
		{E0E90E02-BEBE-43D9-8195-6D7C30C0CC75}.Debug|x64.Build.0 = Debug|x64
		{E0E90E02-BEBE-43D9-8195-6D7C30C0CC75}.Debug|x86.ActiveCfg = Debug|Win32
		{E0E90E02-BEBE-43D9-8195-6D7C30C0CC75}.Debug|x86.Build.0 = Debug|Win32
		{E0E90E02-BEBE-43D9-8195-6D7C30C0CC75}.Release|x64.ActiveCfg = Release|x64
		{E0E90E02-BEBE-43D9-8195-6D7C30C0CC75}.Release|x64.Build.0 = Release|x64
		{E0E90E02-BEBE-43D9-8195-6D7C30C0CC75}.Release|x86.ActiveCfg = Release|Win32
		{E0E90E02-BEBE-43D9-8195-6D7C30C0CC75}.Release|x86.Build.0 = Release|Win32
		{FC1C8D03-7A1E-4FD8-822B-F1ED453444BD}.Debug|x64.ActiveCfg = Debug|x64
		{FC1C8D03-7A1E-4FD8-822B-F1ED453444BD}.Debug|x64.Build.0 = Debug|x64
		{FC1C8D03-7A1E-4FD8-822B-F1ED453444BD}.Debug|x86.ActiveCfg = Debug|Win32
		{FC1C8D03-7A1E-4FD8-822B-F1ED453444BD}.Debug|x86.Build.0 = Debug|Win32
		{FC1C8D03-7A1E-4FD8-822B-F1ED453444BD}.Release|x64.ActiveCfg = Release|x64
		{FC1C8D03-7A1E-4FD8-822B-F1ED453444BD}.Release|x64.Build.0 = Release|x64
		{FC1C8D03-7A1E-4FD8-822B-F1ED453444BD}.Release|x86.ActiveCfg = Release|Win32
		{FC1C8D03-7A1E-4FD8-822B-F1ED453444BD}.Release|x86.Build.0 = Release|Win32
		{5B6070E9-F688-4BA9-A26B-7B2997D67DFA}.Debug|x64.ActiveCfg = Debug|x64
		{5B6070E9-F688-4BA9-A26B-7B2997D67DFA}.Debug|x64.Build.0 = Debug|x64
		{5B6070E9-F688-4BA9-A26B-7B2997D67DFA}.Debug|x86.ActiveCfg = Debug|Win32
		{5B6070E9-F688-4BA9-A26B-7B2997D67DFA}.Debug|x86.Build.0 = Debug|Win32
		{5B6070E9-F688-4BA9-A26B-7B2997D67DFA}.Release|x64.ActiveCfg = Release|x64
		{5B6070E9-F688-4BA9-A26B-7B2997D67DFA}.Release|x64.Build.0 = Release|x64
		{5B6070E9-F688-4BA9-A26B-7B2997D67DFA}.Release|x86.ActiveCfg = Release|Win32
		{5B6070E9-F688-4BA9-A26B-7B2997D67DFA}.Release|x86.Build.0 = Release|Win32
		{7ED438CB-AD25-4E2F-AB18-7D2EA0B9BFA7}.Debug|x64.ActiveCfg = Debug|x64
		{7ED438CB-AD25-4E2F-AB18-7D2EA0B9BFA7}.Debug|x64.Build.0 = Debug|x64
		{7ED438CB-AD25-4E2F-AB18-7D2EA0B9BFA7}.Debug|x86.ActiveCfg = Debug|Win32
		{7ED438CB-AD25-4E2F-AB18-7D2EA0B9BFA7}.Debug|x86.Build.0 = Debug|Win32
		{7ED438CB-AD25-4E2F-AB18-7D2EA0B9BFA7}.Release|x64.ActiveCfg = Release|x64
		{7ED438CB-AD25-4E2F-AB18-7D2EA0B9BFA7}.Release|x64.Build.0 = Release|x64
		{7ED438CB-AD25-4E2F-AB18-7D2EA0B9BFA7}.Release|x86.ActiveCfg = Release|Win32
		{7ED438CB-AD25-4E2F-AB18-7D2EA0B9BFA7}.Release|x86.Build.0 = Release|Win32
		{A0DDD626-CAC6-4B5F-B588-2976FF1CDDC5}.Debug|x64.ActiveCfg = Debug|x64
		{A0DDD626-CAC6-4B5F-B588-2976FF1CDDC5}.Debug|x64.Build.0 = Debug|x64
		{A0DDD626-CAC6-4B5F-B588-2976FF1CDDC5}.Debug|x86.ActiveCfg = Debug|Win32
		{A0DDD626-CAC6-4B5F-B588-2976FF1CDDC5}.Debug|x86.Build.0 = Debug|Win32
		{A0DDD626-CAC6-4B5F-B588-2976FF1CDDC5}.Release|x64.ActiveCfg = Release|x64
		{A0DDD626-CAC6-4B5F-B588-2976FF1CDDC5}.Release|x64.Build.0 = Release|x64
		{A0DDD626-CAC6-4B5F-B588-2976FF1CDDC5}.Release|x86.ActiveCfg = Release|Win32
		{A0DDD626-CAC6-4B5F-B588-2976FF1CDDC5}.Release|x86.Build.0 = Release|Win32
	EndGlobalSection
	GlobalSection(SolutionProperties) = preSolution
		HideSolutionNode = FALSE
	EndGlobalSection
EndGlobal
