<?xml version="1.0" encoding="utf-8"?>
<Project ToolsVersion="4.0" xmlns="http://schemas.microsoft.com/developer/msbuild/2003">
  <ItemGroup>
    <Filter Include="Source Files">
      <UniqueIdentifier>{4FC737F1-C7A5-4376-A066-2A32D752A2FF}</UniqueIdentifier>
      <Extensions>cpp;c;cc;cxx;def;odl;idl;hpj;bat;asm;asmx</Extensions>
    </Filter>
    <Filter Include="Header Files">
      <UniqueIdentifier>{93995380-89BD-4b04-88EB-625FBE52EBFB}</UniqueIdentifier>
      <Extensions>h;hh;hpp;hxx;hm;inl;inc;xsd</Extensions>
    </Filter>
    <Filter Include="Resource Files">
      <UniqueIdentifier>{67DA6AB6-F800-4c08-8B7A-83BB121AAD01}</UniqueIdentifier>
      <Extensions>rc;ico;cur;bmp;dlg;rc2;rct;bin;rgs;gif;jpg;jpeg;jpe;resx;tiff;tif;png;wav;mfcribbon-ms</Extensions>
    </Filter>
  </ItemGroup>
  <ItemGroup>
    <ClCompile Include="src\OgreVolumeCacheSource.cpp">
      <Filter>Source Files</Filter>
    </ClCompile>
    <ClCompile Include="src\OgreVolumeChunk.cpp">
      <Filter>Source Files</Filter>
    </ClCompile>
    <ClCompile Include="src\OgreVolumeChunkHandler.cpp">
      <Filter>Source Files</Filter>
    </ClCompile>
    <ClCompile Include="src\OgreVolumeCSGSource.cpp">
      <Filter>Source Files</Filter>
    </ClCompile>
    <ClCompile Include="src\OgreVolumeDualGridGenerator.cpp">
      <Filter>Source Files</Filter>
    </ClCompile>
    <ClCompile Include="src\OgreVolumeGridSource.cpp">
      <Filter>Source Files</Filter>
    </ClCompile>
    <ClCompile Include="src\OgreVolumeHalfFloatGridSource.cpp">
      <Filter>Source Files</Filter>
    </ClCompile>
    <ClCompile Include="src\OgreVolumeIsoSurface.cpp">
      <Filter>Source Files</Filter>
    </ClCompile>
    <ClCompile Include="src\OgreVolumeIsoSurfaceMC.cpp">
      <Filter>Source Files</Filter>
    </ClCompile>
    <ClCompile Include="src\OgreVolumeMeshBuilder.cpp">
      <Filter>Source Files</Filter>
    </ClCompile>
    <ClCompile Include="src\OgreVolumeOctreeNode.cpp">
      <Filter>Source Files</Filter>
    </ClCompile>
    <ClCompile Include="src\OgreVolumeOctreeNodeSplitPolicy.cpp">
      <Filter>Source Files</Filter>
    </ClCompile>
    <ClCompile Include="src\OgreVolumeSimplexNoise.cpp">
      <Filter>Source Files</Filter>
    </ClCompile>
    <ClCompile Include="src\OgreVolumeSource.cpp">
      <Filter>Source Files</Filter>
    </ClCompile>
    <ClCompile Include="src\OgreVolumeTextureSource.cpp">
      <Filter>Source Files</Filter>
    </ClCompile>
  </ItemGroup>
  <ItemGroup>
    <ClInclude Include="include\OgreVolumeCacheSource.h">
      <Filter>Header Files</Filter>
    </ClInclude>
    <ClInclude Include="include\OgreVolumeChunk.h">
      <Filter>Header Files</Filter>
    </ClInclude>
    <ClInclude Include="include\OgreVolumeChunkHandler.h">
      <Filter>Header Files</Filter>
    </ClInclude>
    <ClInclude Include="include\OgreVolumeCSGSource.h">
      <Filter>Header Files</Filter>
    </ClInclude>
    <ClInclude Include="include\OgreVolumeDualGridGenerator.h">
      <Filter>Header Files</Filter>
    </ClInclude>
    <ClInclude Include="include\OgreVolumeGridSource.h">
      <Filter>Header Files</Filter>
    </ClInclude>
    <ClInclude Include="include\OgreVolumeHalfFloatGridSource.h">
      <Filter>Header Files</Filter>
    </ClInclude>
    <ClInclude Include="include\OgreVolumeIsoSurface.h">
      <Filter>Header Files</Filter>
    </ClInclude>
    <ClInclude Include="include\OgreVolumeIsoSurfaceMC.h">
      <Filter>Header Files</Filter>
    </ClInclude>
    <ClInclude Include="include\OgreVolumeIsoSurfaceTablesMC.h">
      <Filter>Header Files</Filter>
    </ClInclude>
    <ClInclude Include="include\OgreVolumeMeshBuilder.h">
      <Filter>Header Files</Filter>
    </ClInclude>
    <ClInclude Include="include\OgreVolumeOctreeNode.h">
      <Filter>Header Files</Filter>
    </ClInclude>
    <ClInclude Include="include\OgreVolumeOctreeNodeSplitPolicy.h">
      <Filter>Header Files</Filter>
    </ClInclude>
    <ClInclude Include="include\OgreVolumeSimplexNoise.h">
      <Filter>Header Files</Filter>
    </ClInclude>
    <ClInclude Include="include\OgreVolumeSource.h">
      <Filter>Header Files</Filter>
    </ClInclude>
    <ClInclude Include="include\OgreVolumeTextureSource.h">
      <Filter>Header Files</Filter>
    </ClInclude>
    <ClInclude Include="common\OgreVolumePrerequisites.h">
      <Filter>Header Files</Filter>
    </ClInclude>
  </ItemGroup>
</Project>