<?xml version="1.0" encoding="utf-8"?>
<Project ToolsVersion="4.0" xmlns="http://schemas.microsoft.com/developer/msbuild/2003">
  <ItemGroup>
    <Filter Include="Source Files">
      <UniqueIdentifier>{4FC737F1-C7A5-4376-A066-2A32D752A2FF}</UniqueIdentifier>
      <Extensions>cpp;c;cc;cxx;def;odl;idl;hpj;bat;asm;asmx</Extensions>
    </Filter>
    <Filter Include="Header Files">
      <UniqueIdentifier>{93995380-89BD-4b04-88EB-625FBE52EBFB}</UniqueIdentifier>
      <Extensions>h;hh;hpp;hxx;hm;inl;inc;xsd</Extensions>
    </Filter>
    <Filter Include="Resource Files">
      <UniqueIdentifier>{67DA6AB6-F800-4c08-8B7A-83BB121AAD01}</UniqueIdentifier>
      <Extensions>rc;ico;cur;bmp;dlg;rc2;rct;bin;rgs;gif;jpg;jpeg;jpe;resx;tiff;tif;png;wav;mfcribbon-ms</Extensions>
    </Filter>
  </ItemGroup>
  <ItemGroup>
    <ClCompile Include="src\glesw.c">
      <Filter>Source Files</Filter>
    </ClCompile>
    <ClCompile Include="src\OgreGLES2EngineDll.cpp">
      <Filter>Source Files</Filter>
    </ClCompile>
    <ClCompile Include="src\OgreGLES2FBOMultiRenderTarget.cpp">
      <Filter>Source Files</Filter>
    </ClCompile>
    <ClCompile Include="src\OgreGLES2FBORenderTexture.cpp">
      <Filter>Source Files</Filter>
    </ClCompile>
    <ClCompile Include="src\OgreGLES2FrameBufferObject.cpp">
      <Filter>Source Files</Filter>
    </ClCompile>
    <ClCompile Include="src\OgreGLES2HardwareBuffer.cpp">
      <Filter>Source Files</Filter>
    </ClCompile>
    <ClCompile Include="src\OgreGLES2HardwareBufferManager.cpp">
      <Filter>Source Files</Filter>
    </ClCompile>
    <ClCompile Include="src\OgreGLES2HardwareOcclusionQuery.cpp">
      <Filter>Source Files</Filter>
    </ClCompile>
    <ClCompile Include="src\OgreGLES2HardwarePixelBuffer.cpp">
      <Filter>Source Files</Filter>
    </ClCompile>
    <ClCompile Include="src\OgreGLES2ManagedResource.cpp">
      <Filter>Source Files</Filter>
    </ClCompile>
    <ClCompile Include="src\OgreGLES2ManagedResourceManager.cpp">
      <Filter>Source Files</Filter>
    </ClCompile>
    <ClCompile Include="src\OgreGLES2PixelFormat.cpp">
      <Filter>Source Files</Filter>
    </ClCompile>
    <ClCompile Include="src\OgreGLES2Plugin.cpp">
      <Filter>Source Files</Filter>
    </ClCompile>
    <ClCompile Include="src\OgreGLES2RenderSystem.cpp">
      <Filter>Source Files</Filter>
    </ClCompile>
    <ClCompile Include="src\OgreGLES2RenderToVertexBuffer.cpp">
      <Filter>Source Files</Filter>
    </ClCompile>
    <ClCompile Include="src\OgreGLES2StateCacheManager.cpp">
      <Filter>Source Files</Filter>
    </ClCompile>
    <ClCompile Include="src\OgreGLES2Texture.cpp">
      <Filter>Source Files</Filter>
    </ClCompile>
    <ClCompile Include="src\OgreGLES2TextureManager.cpp">
      <Filter>Source Files</Filter>
    </ClCompile>
    <ClCompile Include="src\GLSLES\src\OgreGLSLESExtSupport.cpp">
      <Filter>Source Files</Filter>
    </ClCompile>
    <ClCompile Include="src\GLSLES\src\OgreGLSLESLinkProgram.cpp">
      <Filter>Source Files</Filter>
    </ClCompile>
    <ClCompile Include="src\GLSLES\src\OgreGLSLESProgram.cpp">
      <Filter>Source Files</Filter>
    </ClCompile>
    <ClCompile Include="src\GLSLES\src\OgreGLSLESProgramCommon.cpp">
      <Filter>Source Files</Filter>
    </ClCompile>
    <ClCompile Include="src\GLSLES\src\OgreGLSLESProgramManager.cpp">
      <Filter>Source Files</Filter>
    </ClCompile>
    <ClCompile Include="src\GLSLES\src\OgreGLSLESProgramPipeline.cpp">
      <Filter>Source Files</Filter>
    </ClCompile>
  </ItemGroup>
  <ItemGroup>
    <ClInclude Include="include\GLES3\gl3.h">
      <Filter>Header Files</Filter>
    </ClInclude>
    <ClInclude Include="include\GLES3\gl3platform.h">
      <Filter>Header Files</Filter>
    </ClInclude>
    <ClInclude Include="include\GLES3\glesw.h">
      <Filter>Header Files</Filter>
    </ClInclude>
    <ClInclude Include="include\KHR\khrplatform.h">
      <Filter>Header Files</Filter>
    </ClInclude>
    <ClInclude Include="include\OgreGLES2FBOMultiRenderTarget.h">
      <Filter>Header Files</Filter>
    </ClInclude>
    <ClInclude Include="include\OgreGLES2FBORenderTexture.h">
      <Filter>Header Files</Filter>
    </ClInclude>
    <ClInclude Include="include\OgreGLES2FrameBufferObject.h">
      <Filter>Header Files</Filter>
    </ClInclude>
    <ClInclude Include="include\OgreGLES2HardwareBuffer.h">
      <Filter>Header Files</Filter>
    </ClInclude>
    <ClInclude Include="include\OgreGLES2HardwareBufferManager.h">
      <Filter>Header Files</Filter>
    </ClInclude>
    <ClInclude Include="include\OgreGLES2HardwareOcclusionQuery.h">
      <Filter>Header Files</Filter>
    </ClInclude>
    <ClInclude Include="include\OgreGLES2HardwarePixelBuffer.h">
      <Filter>Header Files</Filter>
    </ClInclude>
    <ClInclude Include="include\OgreGLES2ManagedResource.h">
      <Filter>Header Files</Filter>
    </ClInclude>
    <ClInclude Include="include\OgreGLES2ManagedResourceManager.h">
      <Filter>Header Files</Filter>
    </ClInclude>
    <ClInclude Include="include\OgreGLES2PixelFormat.h">
      <Filter>Header Files</Filter>
    </ClInclude>
    <ClInclude Include="include\OgreGLES2Plugin.h">
      <Filter>Header Files</Filter>
    </ClInclude>
    <ClInclude Include="include\OgreGLES2Prerequisites.h">
      <Filter>Header Files</Filter>
    </ClInclude>
    <ClInclude Include="include\OgreGLES2RenderSystem.h">
      <Filter>Header Files</Filter>
    </ClInclude>
    <ClInclude Include="include\OgreGLES2RenderToVertexBuffer.h">
      <Filter>Header Files</Filter>
    </ClInclude>
    <ClInclude Include="include\OgreGLES2StateCacheManager.h">
      <Filter>Header Files</Filter>
    </ClInclude>
    <ClInclude Include="include\OgreGLES2Texture.h">
      <Filter>Header Files</Filter>
    </ClInclude>
    <ClInclude Include="include\OgreGLES2TextureManager.h">
      <Filter>Header Files</Filter>
    </ClInclude>
    <ClInclude Include="common\OgreGLES2Config.h">
      <Filter>Header Files</Filter>
    </ClInclude>
    <ClInclude Include="common\OgreGLES2Exports.h">
      <Filter>Header Files</Filter>
    </ClInclude>
    <ClInclude Include="src\GLSLES\include\OgreGLSLESCgProgram.h">
      <Filter>Header Files</Filter>
    </ClInclude>
    <ClInclude Include="src\GLSLES\include\OgreGLSLESCgProgramFactory.h">
      <Filter>Header Files</Filter>
    </ClInclude>
    <ClInclude Include="src\GLSLES\include\OgreGLSLESExtSupport.h">
      <Filter>Header Files</Filter>
    </ClInclude>
    <ClInclude Include="src\GLSLES\include\OgreGLSLESLinkProgram.h">
      <Filter>Header Files</Filter>
    </ClInclude>
    <ClInclude Include="src\GLSLES\include\OgreGLSLESProgram.h">
      <Filter>Header Files</Filter>
    </ClInclude>
    <ClInclude Include="src\GLSLES\include\OgreGLSLESProgramCommon.h">
      <Filter>Header Files</Filter>
    </ClInclude>
    <ClInclude Include="src\GLSLES\include\OgreGLSLESProgramManager.h">
      <Filter>Header Files</Filter>
    </ClInclude>
    <ClInclude Include="src\GLSLES\include\OgreGLSLESProgramPipeline.h">
      <Filter>Header Files</Filter>
    </ClInclude>
  </ItemGroup>
</Project>